{
  "version": 4,
  "terraform_version": "1.12.2",
  "serial": 21,
  "lineage": "ea938d59-0332-ef80-e52e-3e5e82405c00",
  "outputs": {
    "All_private_ip_addresses": {
      "value": {
        "nic1": "192.168.1.4",
        "nic2": "10.10.1.4"
      },
      "type": [
        "object",
        {
          "nic1": "string",
          "nic2": "string"
        }
      ]
    },
    "All_public_ip_addresses": {
      "value": {
        "pip1": "172.201.55.165"
      },
      "type": [
        "object",
        {
          "pip1": "string"
        }
      ]
    },
    "All_resource_groups": {
      "value": {
        "rg1": "PROJECT-JARVIS-WESTUS-FINAL-RG",
        "rg2": "PROJECT-MARK42-EASTUS-INITIAL-RG"
      },
      "type": [
        "object",
        {
          "rg1": "string",
          "rg2": "string"
        }
      ]
    }
  },
  "resources": [
    {
      "module": "module.association",
      "mode": "managed",
      "type": "azurerm_network_interface_security_group_association",
      "name": "assoc",
      "provider": "provider[\"registry.terraform.io/hashicorp/azurerm\"]",
      "instances": [
        {
          "index_key": "association1",
          "schema_version": 0,
          "attributes": {
            "id": "/subscriptions/b398fea1-2f06-4948-924a-121d4ed265b0/resourceGroups/PROJECT-JARVIS-WESTUS-FINAL-RG/providers/Microsoft.Network/networkInterfaces/nic1|/subscriptions/b398fea1-2f06-4948-924a-121d4ed265b0/resourceGroups/PROJECT-JARVIS-WESTUS-FINAL-RG/providers/Microsoft.Network/networkSecurityGroups/nsg1",
            "network_interface_id": "/subscriptions/b398fea1-2f06-4948-924a-121d4ed265b0/resourceGroups/PROJECT-JARVIS-WESTUS-FINAL-RG/providers/Microsoft.Network/networkInterfaces/nic1",
            "network_security_group_id": "/subscriptions/b398fea1-2f06-4948-924a-121d4ed265b0/resourceGroups/PROJECT-JARVIS-WESTUS-FINAL-RG/providers/Microsoft.Network/networkSecurityGroups/nsg1",
            "timeouts": null
          },
          "sensitive_attributes": [],
          "identity_schema_version": 0,
          "private": "eyJlMmJmYjczMC1lY2FhLTExZTYtOGY4OC0zNDM2M2JjN2M0YzAiOnsiY3JlYXRlIjoxODAwMDAwMDAwMDAwLCJkZWxldGUiOjE4MDAwMDAwMDAwMDAsInJlYWQiOjMwMDAwMDAwMDAwMH19",
          "dependencies": [
            "module.nics.azurerm_network_interface.nic",
            "module.nsg.azurerm_network_security_group.nsg",
            "module.pips.azurerm_public_ip.pip",
            "module.rg.azurerm_resource_group.rg",
            "module.vnet.azurerm_virtual_network.vnet"
          ]
        },
        {
          "index_key": "association2",
          "schema_version": 0,
          "attributes": {
            "id": "/subscriptions/b398fea1-2f06-4948-924a-121d4ed265b0/resourceGroups/PROJECT-MARK42-EASTUS-INITIAL-RG/providers/Microsoft.Network/networkInterfaces/nic1|/subscriptions/b398fea1-2f06-4948-924a-121d4ed265b0/resourceGroups/PROJECT-MARK42-EASTUS-INITIAL-RG/providers/Microsoft.Network/networkSecurityGroups/nsg1",
            "network_interface_id": "/subscriptions/b398fea1-2f06-4948-924a-121d4ed265b0/resourceGroups/PROJECT-MARK42-EASTUS-INITIAL-RG/providers/Microsoft.Network/networkInterfaces/nic1",
            "network_security_group_id": "/subscriptions/b398fea1-2f06-4948-924a-121d4ed265b0/resourceGroups/PROJECT-MARK42-EASTUS-INITIAL-RG/providers/Microsoft.Network/networkSecurityGroups/nsg1",
            "timeouts": null
          },
          "sensitive_attributes": [],
          "identity_schema_version": 0,
          "private": "eyJlMmJmYjczMC1lY2FhLTExZTYtOGY4OC0zNDM2M2JjN2M0YzAiOnsiY3JlYXRlIjoxODAwMDAwMDAwMDAwLCJkZWxldGUiOjE4MDAwMDAwMDAwMDAsInJlYWQiOjMwMDAwMDAwMDAwMH19",
          "dependencies": [
            "module.nics.azurerm_network_interface.nic",
            "module.nsg.azurerm_network_security_group.nsg",
            "module.pips.azurerm_public_ip.pip",
            "module.rg.azurerm_resource_group.rg",
            "module.vnet.azurerm_virtual_network.vnet"
          ]
        }
      ]
    },
    {
      "module": "module.lvm",
      "mode": "managed",
      "type": "azurerm_linux_virtual_machine",
      "name": "lvm",
      "provider": "provider[\"registry.terraform.io/hashicorp/azurerm\"]",
      "instances": [
        {
          "index_key": "vm1",
          "schema_version": 0,
          "attributes": {
            "additional_capabilities": [],
            "admin_password": "ChangeMe123!",
            "admin_ssh_key": [],
            "admin_username": "azureuser",
            "allow_extension_operations": true,
            "availability_set_id": "",
            "boot_diagnostics": [],
            "bypass_platform_safety_checks_on_user_schedule_enabled": false,
            "capacity_reservation_group_id": "",
            "computer_name": "linux-vm-01",
            "custom_data": null,
            "dedicated_host_group_id": "",
            "dedicated_host_id": "",
            "disable_password_authentication": false,
            "disk_controller_type": "",
            "edge_zone": "",
            "encryption_at_host_enabled": false,
            "eviction_policy": "",
            "extensions_time_budget": "PT1H30M",
            "gallery_application": [],
            "id": "/subscriptions/b398fea1-2f06-4948-924a-121d4ed265b0/resourceGroups/PROJECT-JARVIS-WESTUS-FINAL-RG/providers/Microsoft.Compute/virtualMachines/linux-vm-01",
            "identity": [],
            "license_type": "",
            "location": "westeurope",
            "max_bid_price": -1,
            "name": "linux-vm-01",
            "network_interface_ids": [
              "/subscriptions/b398fea1-2f06-4948-924a-121d4ed265b0/resourceGroups/PROJECT-JARVIS-WESTUS-FINAL-RG/providers/Microsoft.Network/networkInterfaces/nic1"
            ],
            "os_disk": [
              {
                "caching": "ReadWrite",
                "diff_disk_settings": [],
                "disk_encryption_set_id": "",
                "disk_size_gb": 30,
                "id": "/subscriptions/b398fea1-2f06-4948-924a-121d4ed265b0/resourceGroups/PROJECT-JARVIS-WESTUS-FINAL-RG/providers/Microsoft.Compute/disks/linux-vm-01-osdisk",
                "name": "linux-vm-01-osdisk",
                "secure_vm_disk_encryption_set_id": "",
                "security_encryption_type": "",
                "storage_account_type": "Standard_LRS",
                "write_accelerator_enabled": false
              }
            ],
            "os_image_notification": [],
            "os_managed_disk_id": "/subscriptions/b398fea1-2f06-4948-924a-121d4ed265b0/resourceGroups/PROJECT-JARVIS-WESTUS-FINAL-RG/providers/Microsoft.Compute/disks/linux-vm-01-osdisk",
            "patch_assessment_mode": "ImageDefault",
            "patch_mode": "ImageDefault",
            "plan": [],
            "platform_fault_domain": -1,
            "priority": "Regular",
            "private_ip_address": "192.168.1.4",
            "private_ip_addresses": [
              "192.168.1.4"
            ],
            "provision_vm_agent": true,
            "proximity_placement_group_id": "",
            "public_ip_address": "172.201.55.165",
            "public_ip_addresses": [
              "172.201.55.165"
            ],
            "reboot_setting": "",
            "resource_group_name": "PROJECT-JARVIS-WESTUS-FINAL-RG",
            "secret": [],
            "secure_boot_enabled": false,
            "size": "Standard_B2s",
            "source_image_id": "",
            "source_image_reference": [
              {
                "offer": "0001-com-ubuntu-server-jammy",
                "publisher": "Canonical",
                "sku": "22_04-lts",
                "version": "latest"
              }
            ],
            "tags": {
              "environment": "dev",
              "owner": "team-alpha"
            },
            "termination_notification": null,
            "timeouts": null,
            "user_data": "",
            "virtual_machine_id": "684effa2-e554-433b-bdce-33c1e66a8e99",
            "virtual_machine_scale_set_id": "",
            "vm_agent_platform_updates_enabled": false,
            "vtpm_enabled": false,
            "zone": ""
          },
          "sensitive_attributes": [
            [
              {
                "type": "get_attr",
                "value": "admin_password"
              }
            ],
            [
              {
                "type": "get_attr",
                "value": "custom_data"
              }
            ]
          ],
          "identity_schema_version": 0,
          "private": "eyJlMmJmYjczMC1lY2FhLTExZTYtOGY4OC0zNDM2M2JjN2M0YzAiOnsiY3JlYXRlIjoyNzAwMDAwMDAwMDAwLCJkZWxldGUiOjI3MDAwMDAwMDAwMDAsInJlYWQiOjMwMDAwMDAwMDAwMCwidXBkYXRlIjoyNzAwMDAwMDAwMDAwfX0=",
          "dependencies": [
            "module.nics.azurerm_network_interface.nic",
            "module.nsg.azurerm_network_security_group.nsg",
            "module.pips.azurerm_public_ip.pip",
            "module.rg.azurerm_resource_group.rg",
            "module.vnet.azurerm_virtual_network.vnet"
          ]
        },
        {
          "index_key": "vm2",
          "schema_version": 0,
          "attributes": {
            "additional_capabilities": [],
            "admin_password": "ChangeMe123!",
            "admin_ssh_key": [],
            "admin_username": "ubuntu",
            "allow_extension_operations": true,
            "availability_set_id": "",
            "boot_diagnostics": [],
            "bypass_platform_safety_checks_on_user_schedule_enabled": false,
            "capacity_reservation_group_id": "",
            "computer_name": "linux-vm-02",
            "custom_data": null,
            "dedicated_host_group_id": "",
            "dedicated_host_id": "",
            "disable_password_authentication": false,
            "disk_controller_type": "",
            "edge_zone": "",
            "encryption_at_host_enabled": false,
            "eviction_policy": "Deallocate",
            "extensions_time_budget": "PT1H30M",
            "gallery_application": [],
            "id": "/subscriptions/b398fea1-2f06-4948-924a-121d4ed265b0/resourceGroups/PROJECT-MARK42-EASTUS-INITIAL-RG/providers/Microsoft.Compute/virtualMachines/linux-vm-02",
            "identity": [],
            "license_type": "",
            "location": "eastus",
            "max_bid_price": -1,
            "name": "linux-vm-02",
            "network_interface_ids": [
              "/subscriptions/b398fea1-2f06-4948-924a-121d4ed265b0/resourceGroups/PROJECT-MARK42-EASTUS-INITIAL-RG/providers/Microsoft.Network/networkInterfaces/nic1"
            ],
            "os_disk": [
              {
                "caching": "ReadWrite",
                "diff_disk_settings": [],
                "disk_encryption_set_id": "",
                "disk_size_gb": 30,
                "id": "/subscriptions/b398fea1-2f06-4948-924a-121d4ed265b0/resourceGroups/PROJECT-MARK42-EASTUS-INITIAL-RG/providers/Microsoft.Compute/disks/linux-vm-01-osdisk",
                "name": "linux-vm-01-osdisk",
                "secure_vm_disk_encryption_set_id": "",
                "security_encryption_type": "",
                "storage_account_type": "Standard_LRS",
                "write_accelerator_enabled": false
              }
            ],
            "os_image_notification": [],
            "os_managed_disk_id": "/subscriptions/b398fea1-2f06-4948-924a-121d4ed265b0/resourceGroups/PROJECT-MARK42-EASTUS-INITIAL-RG/providers/Microsoft.Compute/disks/linux-vm-01-osdisk",
            "patch_assessment_mode": "ImageDefault",
            "patch_mode": "ImageDefault",
            "plan": [],
            "platform_fault_domain": -1,
            "priority": "Spot",
            "private_ip_address": "10.10.1.4",
            "private_ip_addresses": [
              "10.10.1.4"
            ],
            "provision_vm_agent": true,
            "proximity_placement_group_id": "",
            "public_ip_address": "",
            "public_ip_addresses": [],
            "reboot_setting": "",
            "resource_group_name": "PROJECT-MARK42-EASTUS-INITIAL-RG",
            "secret": [],
            "secure_boot_enabled": false,
            "size": "Standard_F2",
            "source_image_id": "",
            "source_image_reference": [
              {
                "offer": "0001-com-ubuntu-server-jammy",
                "publisher": "Canonical",
                "sku": "22_04-lts",
                "version": "latest"
              }
            ],
            "tags": {
              "environment": "dev",
              "owner": "team-alpha"
            },
            "termination_notification": null,
            "timeouts": null,
            "user_data": "",
            "virtual_machine_id": "4a1b4f94-8a58-47d8-ba46-ef2df3a7ad30",
            "virtual_machine_scale_set_id": "",
            "vm_agent_platform_updates_enabled": false,
            "vtpm_enabled": false,
            "zone": ""
          },
          "sensitive_attributes": [
            [
              {
                "type": "get_attr",
                "value": "admin_password"
              }
            ],
            [
              {
                "type": "get_attr",
                "value": "custom_data"
              }
            ]
          ],
          "identity_schema_version": 0,
          "private": "eyJlMmJmYjczMC1lY2FhLTExZTYtOGY4OC0zNDM2M2JjN2M0YzAiOnsiY3JlYXRlIjoyNzAwMDAwMDAwMDAwLCJkZWxldGUiOjI3MDAwMDAwMDAwMDAsInJlYWQiOjMwMDAwMDAwMDAwMCwidXBkYXRlIjoyNzAwMDAwMDAwMDAwfX0=",
          "dependencies": [
            "module.nics.azurerm_network_interface.nic",
            "module.nsg.azurerm_network_security_group.nsg",
            "module.pips.azurerm_public_ip.pip",
            "module.rg.azurerm_resource_group.rg",
            "module.vnet.azurerm_virtual_network.vnet"
          ]
        }
      ]
    },
    {
      "module": "module.nics",
      "mode": "managed",
      "type": "azurerm_network_interface",
      "name": "nic",
      "provider": "provider[\"registry.terraform.io/hashicorp/azurerm\"]",
      "instances": [
        {
          "index_key": "nic1",
          "schema_version": 0,
          "attributes": {
            "accelerated_networking_enabled": false,
            "applied_dns_servers": [],
            "auxiliary_mode": "",
            "auxiliary_sku": "",
            "dns_servers": [],
            "edge_zone": "",
            "id": "/subscriptions/b398fea1-2f06-4948-924a-121d4ed265b0/resourceGroups/PROJECT-JARVIS-WESTUS-FINAL-RG/providers/Microsoft.Network/networkInterfaces/nic1",
            "internal_dns_name_label": "",
            "internal_domain_name_suffix": "0sbxjf0bxaruzlr04yvm2zbrxd.ax.internal.cloudapp.net",
            "ip_configuration": [
              {
                "gateway_load_balancer_frontend_ip_configuration_id": "",
                "name": "ipconfig1",
                "primary": true,
                "private_ip_address": "192.168.1.4",
                "private_ip_address_allocation": "Dynamic",
                "private_ip_address_version": "IPv4",
                "public_ip_address_id": "/subscriptions/b398fea1-2f06-4948-924a-121d4ed265b0/resourceGroups/PROJECT-JARVIS-WESTUS-FINAL-RG/providers/Microsoft.Network/publicIPAddresses/pip1",
                "subnet_id": "/subscriptions/b398fea1-2f06-4948-924a-121d4ed265b0/resourceGroups/PROJECT-JARVIS-WESTUS-FINAL-RG/providers/Microsoft.Network/virtualNetworks/vnet1/subnets/frontend_subnet"
              }
            ],
            "ip_forwarding_enabled": false,
            "location": "westeurope",
            "mac_address": "",
            "name": "nic1",
            "private_ip_address": "192.168.1.4",
            "private_ip_addresses": [
              "192.168.1.4"
            ],
            "resource_group_name": "PROJECT-JARVIS-WESTUS-FINAL-RG",
            "tags": {
              "environment": "dev",
              "owner": "team_stark",
              "project": "jarvis"
            },
            "timeouts": null,
            "virtual_machine_id": ""
          },
          "sensitive_attributes": [],
          "identity_schema_version": 0,
          "identity": {
            "name": "nic1",
            "resource_group_name": "PROJECT-JARVIS-WESTUS-FINAL-RG",
            "subscription_id": "b398fea1-2f06-4948-924a-121d4ed265b0"
          },
          "private": "eyJlMmJmYjczMC1lY2FhLTExZTYtOGY4OC0zNDM2M2JjN2M0YzAiOnsiY3JlYXRlIjoxODAwMDAwMDAwMDAwLCJkZWxldGUiOjE4MDAwMDAwMDAwMDAsInJlYWQiOjMwMDAwMDAwMDAwMCwidXBkYXRlIjoxODAwMDAwMDAwMDAwfX0=",
          "dependencies": [
            "module.pips.azurerm_public_ip.pip",
            "module.rg.azurerm_resource_group.rg",
            "module.vnet.azurerm_virtual_network.vnet"
          ]
        },
        {
          "index_key": "nic2",
          "schema_version": 0,
          "attributes": {
            "accelerated_networking_enabled": false,
            "applied_dns_servers": [],
            "auxiliary_mode": "",
            "auxiliary_sku": "",
            "dns_servers": null,
            "edge_zone": "",
            "id": "/subscriptions/b398fea1-2f06-4948-924a-121d4ed265b0/resourceGroups/PROJECT-MARK42-EASTUS-INITIAL-RG/providers/Microsoft.Network/networkInterfaces/nic1",
            "internal_dns_name_label": "",
            "internal_domain_name_suffix": "ptdg0npbehvepgwnim3lrzucfd.bx.internal.cloudapp.net",
            "ip_configuration": [
              {
                "gateway_load_balancer_frontend_ip_configuration_id": "",
                "name": "ipconfig1",
                "primary": true,
                "private_ip_address": "10.10.1.4",
                "private_ip_address_allocation": "Dynamic",
                "private_ip_address_version": "IPv4",
                "public_ip_address_id": "",
                "subnet_id": "/subscriptions/b398fea1-2f06-4948-924a-121d4ed265b0/resourceGroups/PROJECT-MARK42-EASTUS-INITIAL-RG/providers/Microsoft.Network/virtualNetworks/vnet1/subnets/subnet1"
              }
            ],
            "ip_forwarding_enabled": false,
            "location": "eastus",
            "mac_address": "",
            "name": "nic1",
            "private_ip_address": "10.10.1.4",
            "private_ip_addresses": [
              "10.10.1.4"
            ],
            "resource_group_name": "PROJECT-MARK42-EASTUS-INITIAL-RG",
            "tags": {
              "environment": "prod",
              "owner": "team_rogers",
              "project": "vision"
            },
            "timeouts": null,
            "virtual_machine_id": ""
          },
          "sensitive_attributes": [],
          "identity_schema_version": 0,
          "identity": {
            "name": "nic1",
            "resource_group_name": "PROJECT-MARK42-EASTUS-INITIAL-RG",
            "subscription_id": "b398fea1-2f06-4948-924a-121d4ed265b0"
          },
          "private": "eyJlMmJmYjczMC1lY2FhLTExZTYtOGY4OC0zNDM2M2JjN2M0YzAiOnsiY3JlYXRlIjoxODAwMDAwMDAwMDAwLCJkZWxldGUiOjE4MDAwMDAwMDAwMDAsInJlYWQiOjMwMDAwMDAwMDAwMCwidXBkYXRlIjoxODAwMDAwMDAwMDAwfX0=",
          "dependencies": [
            "module.pips.azurerm_public_ip.pip",
            "module.rg.azurerm_resource_group.rg",
            "module.vnet.azurerm_virtual_network.vnet"
          ]
        }
      ]
    },
    {
      "module": "module.nsg",
      "mode": "managed",
      "type": "azurerm_network_security_group",
      "name": "nsg",
      "provider": "provider[\"registry.terraform.io/hashicorp/azurerm\"]",
      "instances": [
        {
          "index_key": "nsg1",
          "schema_version": 0,
          "attributes": {
            "id": "/subscriptions/b398fea1-2f06-4948-924a-121d4ed265b0/resourceGroups/PROJECT-JARVIS-WESTUS-FINAL-RG/providers/Microsoft.Network/networkSecurityGroups/nsg1",
            "location": "westeurope",
            "name": "nsg1",
            "resource_group_name": "PROJECT-JARVIS-WESTUS-FINAL-RG",
            "security_rule": [
              {
                "access": "Allow",
                "description": "Allow SSH inbound traffic",
                "destination_address_prefix": "*",
                "destination_address_prefixes": [],
                "destination_application_security_group_ids": [],
                "destination_port_range": "",
                "destination_port_ranges": [
                  "8080",
                  "8443",
                  "9000"
                ],
                "direction": "Inbound",
                "name": "allow_ssh",
                "priority": 100,
                "protocol": "Tcp",
                "source_address_prefix": "*",
                "source_address_prefixes": [],
                "source_application_security_group_ids": [],
                "source_port_range": "*",
                "source_port_ranges": []
              },
              {
                "access": "Deny",
                "description": "Deny all outbound traffic",
                "destination_address_prefix": "*",
                "destination_address_prefixes": [],
                "destination_application_security_group_ids": [],
                "destination_port_range": "*",
                "destination_port_ranges": [],
                "direction": "Outbound",
                "name": "deny_all_outbound",
                "priority": 200,
                "protocol": "*",
                "source_address_prefix": "*",
                "source_address_prefixes": [],
                "source_application_security_group_ids": [],
                "source_port_range": "*",
                "source_port_ranges": []
              }
            ],
            "tags": {
              "environment": "dev",
              "owner": "team_stark",
              "project": "jarvis"
            },
            "timeouts": null
          },
          "sensitive_attributes": [],
          "identity_schema_version": 0,
          "identity": {
            "name": "nsg1",
            "resource_group_name": "PROJECT-JARVIS-WESTUS-FINAL-RG",
            "subscription_id": "b398fea1-2f06-4948-924a-121d4ed265b0"
          },
          "private": "eyJlMmJmYjczMC1lY2FhLTExZTYtOGY4OC0zNDM2M2JjN2M0YzAiOnsiY3JlYXRlIjoxODAwMDAwMDAwMDAwLCJkZWxldGUiOjE4MDAwMDAwMDAwMDAsInJlYWQiOjMwMDAwMDAwMDAwMCwidXBkYXRlIjoxODAwMDAwMDAwMDAwfX0=",
          "dependencies": [
            "module.rg.azurerm_resource_group.rg"
          ]
        },
        {
          "index_key": "nsg2",
          "schema_version": 0,
          "attributes": {
            "id": "/subscriptions/b398fea1-2f06-4948-924a-121d4ed265b0/resourceGroups/PROJECT-MARK42-EASTUS-INITIAL-RG/providers/Microsoft.Network/networkSecurityGroups/nsg1",
            "location": "eastus",
            "name": "nsg1",
            "resource_group_name": "PROJECT-MARK42-EASTUS-INITIAL-RG",
            "security_rule": [
              {
                "access": "Allow",
                "description": "Allow SSH inbound traffic",
                "destination_address_prefix": "*",
                "destination_address_prefixes": [],
                "destination_application_security_group_ids": [],
                "destination_port_range": "22",
                "destination_port_ranges": [],
                "direction": "Inbound",
                "name": "allow_ssh",
                "priority": 100,
                "protocol": "Tcp",
                "source_address_prefix": "*",
                "source_address_prefixes": [],
                "source_application_security_group_ids": [],
                "source_port_range": "*",
                "source_port_ranges": []
              },
              {
                "access": "Deny",
                "description": "Deny all outbound traffic",
                "destination_address_prefix": "*",
                "destination_address_prefixes": [],
                "destination_application_security_group_ids": [],
                "destination_port_range": "*",
                "destination_port_ranges": [],
                "direction": "Outbound",
                "name": "deny_all_outbound",
                "priority": 200,
                "protocol": "*",
                "source_address_prefix": "*",
                "source_address_prefixes": [],
                "source_application_security_group_ids": [],
                "source_port_range": "*",
                "source_port_ranges": []
              }
            ],
            "tags": {
              "environment": "dev",
              "owner": "team_stark",
              "project": "jarvis"
            },
            "timeouts": null
          },
          "sensitive_attributes": [],
          "identity_schema_version": 0,
          "identity": {
            "name": "nsg1",
            "resource_group_name": "PROJECT-MARK42-EASTUS-INITIAL-RG",
            "subscription_id": "b398fea1-2f06-4948-924a-121d4ed265b0"
          },
          "private": "eyJlMmJmYjczMC1lY2FhLTExZTYtOGY4OC0zNDM2M2JjN2M0YzAiOnsiY3JlYXRlIjoxODAwMDAwMDAwMDAwLCJkZWxldGUiOjE4MDAwMDAwMDAwMDAsInJlYWQiOjMwMDAwMDAwMDAwMCwidXBkYXRlIjoxODAwMDAwMDAwMDAwfX0=",
          "dependencies": [
            "module.rg.azurerm_resource_group.rg"
          ]
        }
      ]
    },
    {
      "module": "module.pips",
      "mode": "managed",
      "type": "azurerm_public_ip",
      "name": "pip",
      "provider": "provider[\"registry.terraform.io/hashicorp/azurerm\"]",
      "instances": [
        {
          "index_key": "pip1",
          "schema_version": 0,
          "attributes": {
            "allocation_method": "Static",
            "ddos_protection_mode": "VirtualNetworkInherited",
            "ddos_protection_plan_id": null,
            "domain_name_label": null,
            "domain_name_label_scope": null,
            "edge_zone": "",
            "fqdn": null,
            "id": "/subscriptions/b398fea1-2f06-4948-924a-121d4ed265b0/resourceGroups/PROJECT-JARVIS-WESTUS-FINAL-RG/providers/Microsoft.Network/publicIPAddresses/pip1",
            "idle_timeout_in_minutes": 4,
            "ip_address": "172.201.55.165",
            "ip_tags": {},
            "ip_version": "IPv4",
            "location": "westeurope",
            "name": "pip1",
            "public_ip_prefix_id": null,
            "resource_group_name": "PROJECT-JARVIS-WESTUS-FINAL-RG",
            "reverse_fqdn": null,
            "sku": "Standard",
            "sku_tier": "Regional",
            "tags": {
              "environment": "dev",
              "owner": "team_stark",
              "project": "jarvis"
            },
            "timeouts": null,
            "zones": []
          },
          "sensitive_attributes": [],
          "identity_schema_version": 0,
          "private": "eyJlMmJmYjczMC1lY2FhLTExZTYtOGY4OC0zNDM2M2JjN2M0YzAiOnsiY3JlYXRlIjoxODAwMDAwMDAwMDAwLCJkZWxldGUiOjE4MDAwMDAwMDAwMDAsInJlYWQiOjMwMDAwMDAwMDAwMCwidXBkYXRlIjoxODAwMDAwMDAwMDAwfX0=",
          "dependencies": [
            "module.rg.azurerm_resource_group.rg"
          ]
        }
      ]
    },
    {
      "module": "module.rg",
      "mode": "managed",
      "type": "azurerm_resource_group",
      "name": "rg",
      "provider": "provider[\"registry.terraform.io/hashicorp/azurerm\"]",
      "instances": [
        {
          "index_key": "rg1",
          "schema_version": 0,
          "attributes": {
            "id": "/subscriptions/b398fea1-2f06-4948-924a-121d4ed265b0/resourceGroups/PROJECT-JARVIS-WESTUS-FINAL-RG",
            "location": "westus",
            "managed_by": "tony_stark",
            "name": "PROJECT-JARVIS-WESTUS-FINAL-RG",
            "tags": {
              "environment": "prod",
              "owner": "team_stark",
              "phase": "final",
              "project": "jarvis"
            },
            "timeouts": null
          },
          "sensitive_attributes": [],
          "identity_schema_version": 0,
          "private": "eyJlMmJmYjczMC1lY2FhLTExZTYtOGY4OC0zNDM2M2JjN2M0YzAiOnsiY3JlYXRlIjo1NDAwMDAwMDAwMDAwLCJkZWxldGUiOjU0MDAwMDAwMDAwMDAsInJlYWQiOjMwMDAwMDAwMDAwMCwidXBkYXRlIjo1NDAwMDAwMDAwMDAwfX0="
        },
        {
          "index_key": "rg2",
          "schema_version": 0,
          "attributes": {
            "id": "/subscriptions/b398fea1-2f06-4948-924a-121d4ed265b0/resourceGroups/PROJECT-MARK42-EASTUS-INITIAL-RG",
            "location": "eastus",
            "managed_by": "tonystark",
            "name": "PROJECT-MARK42-EASTUS-INITIAL-RG",
            "tags": {
              "environment": "dev",
              "owner": "tonystark",
              "phase": "initial",
              "project": "mark42"
            },
            "timeouts": null
          },
          "sensitive_attributes": [],
          "identity_schema_version": 0,
          "private": "eyJlMmJmYjczMC1lY2FhLTExZTYtOGY4OC0zNDM2M2JjN2M0YzAiOnsiY3JlYXRlIjo1NDAwMDAwMDAwMDAwLCJkZWxldGUiOjU0MDAwMDAwMDAwMDAsInJlYWQiOjMwMDAwMDAwMDAwMCwidXBkYXRlIjo1NDAwMDAwMDAwMDAwfX0="
        }
      ]
    },
    {
      "module": "module.storage",
      "mode": "managed",
      "type": "azurerm_storage_account",
      "name": "stg",
      "provider": "provider[\"registry.terraform.io/hashicorp/azurerm\"]",
      "instances": [
        {
          "index_key": "stgacc1",
          "schema_version": 4,
          "attributes": {
            "access_tier": "Hot",
            "account_kind": "StorageV2",
            "account_replication_type": "LRS",
            "account_tier": "Standard",
            "allow_nested_items_to_be_public": true,
            "allowed_copy_scope": "",
            "azure_files_authentication": [],
            "blob_properties": [
              {
                "change_feed_enabled": false,
                "change_feed_retention_in_days": 0,
                "container_delete_retention_policy": [],
                "cors_rule": [],
                "default_service_version": "",
                "delete_retention_policy": [],
                "last_access_time_enabled": false,
                "restore_policy": [],
                "versioning_enabled": false
              }
            ],
            "cross_tenant_replication_enabled": false,
            "custom_domain": [],
            "customer_managed_key": [],
            "default_to_oauth_authentication": false,
            "dns_endpoint_type": "Standard",
            "edge_zone": "",
            "https_traffic_only_enabled": true,
            "id": "/subscriptions/b398fea1-2f06-4948-924a-121d4ed265b0/resourceGroups/PROJECT-JARVIS-WESTUS-FINAL-RG/providers/Microsoft.Storage/storageAccounts/stgaccwestus001",
            "identity": [],
            "immutability_policy": [],
            "infrastructure_encryption_enabled": false,
            "is_hns_enabled": false,
            "large_file_share_enabled": false,
            "local_user_enabled": true,
            "location": "eastus",
            "min_tls_version": "TLS1_2",
            "name": "stgaccwestus001",
            "network_rules": [],
            "nfsv3_enabled": false,
            "primary_access_key": "MJ7MrjIMFG6Hvimq9kowENIG79V9OI5L0NznUuGdPP8aibLflbLYspe3RAm0Ukig5P/dxRZ0aFlS+AStdqaOrQ==",
            "primary_blob_connection_string": "DefaultEndpointsProtocol=https;BlobEndpoint=https://stgaccwestus001.blob.core.windows.net/;AccountName=stgaccwestus001;AccountKey=MJ7MrjIMFG6Hvimq9kowENIG79V9OI5L0NznUuGdPP8aibLflbLYspe3RAm0Ukig5P/dxRZ0aFlS+AStdqaOrQ==",
            "primary_blob_endpoint": "https://stgaccwestus001.blob.core.windows.net/",
            "primary_blob_host": "stgaccwestus001.blob.core.windows.net",
            "primary_blob_internet_endpoint": "",
            "primary_blob_internet_host": "",
            "primary_blob_microsoft_endpoint": "",
            "primary_blob_microsoft_host": "",
            "primary_connection_string": "DefaultEndpointsProtocol=https;AccountName=stgaccwestus001;AccountKey=MJ7MrjIMFG6Hvimq9kowENIG79V9OI5L0NznUuGdPP8aibLflbLYspe3RAm0Ukig5P/dxRZ0aFlS+AStdqaOrQ==;EndpointSuffix=core.windows.net",
            "primary_dfs_endpoint": "https://stgaccwestus001.dfs.core.windows.net/",
            "primary_dfs_host": "stgaccwestus001.dfs.core.windows.net",
            "primary_dfs_internet_endpoint": "",
            "primary_dfs_internet_host": "",
            "primary_dfs_microsoft_endpoint": "",
            "primary_dfs_microsoft_host": "",
            "primary_file_endpoint": "https://stgaccwestus001.file.core.windows.net/",
            "primary_file_host": "stgaccwestus001.file.core.windows.net",
            "primary_file_internet_endpoint": "",
            "primary_file_internet_host": "",
            "primary_file_microsoft_endpoint": "",
            "primary_file_microsoft_host": "",
            "primary_location": "eastus",
            "primary_queue_endpoint": "https://stgaccwestus001.queue.core.windows.net/",
            "primary_queue_host": "stgaccwestus001.queue.core.windows.net",
            "primary_queue_microsoft_endpoint": "",
            "primary_queue_microsoft_host": "",
            "primary_table_endpoint": "https://stgaccwestus001.table.core.windows.net/",
            "primary_table_host": "stgaccwestus001.table.core.windows.net",
            "primary_table_microsoft_endpoint": "",
            "primary_table_microsoft_host": "",
            "primary_web_endpoint": "https://stgaccwestus001.z13.web.core.windows.net/",
            "primary_web_host": "stgaccwestus001.z13.web.core.windows.net",
            "primary_web_internet_endpoint": "",
            "primary_web_internet_host": "",
            "primary_web_microsoft_endpoint": "",
            "primary_web_microsoft_host": "",
            "provisioned_billing_model_version": "",
            "public_network_access_enabled": true,
            "queue_encryption_key_type": "Service",
            "queue_properties": [
              {
                "cors_rule": [],
                "hour_metrics": [
                  {
                    "enabled": false,
                    "include_apis": false,
                    "retention_policy_days": 0,
                    "version": "1.0"
                  }
                ],
                "logging": [
                  {
                    "delete": false,
                    "read": false,
                    "retention_policy_days": 0,
                    "version": "1.0",
                    "write": false
                  }
                ],
                "minute_metrics": [
                  {
                    "enabled": false,
                    "include_apis": false,
                    "retention_policy_days": 0,
                    "version": "1.0"
                  }
                ]
              }
            ],
            "resource_group_name": "PROJECT-JARVIS-WESTUS-FINAL-RG",
            "routing": [],
            "sas_policy": [],
            "secondary_access_key": "4Ie1S+4RjWfzgKsjrrBMgu4vMaLFY6PpayArXBY2AgKSfOkVcuzz8oEsOBGtg7dID61b12Tg5kAY+AStE4XaQQ==",
            "secondary_blob_connection_string": "",
            "secondary_blob_endpoint": "",
            "secondary_blob_host": "",
            "secondary_blob_internet_endpoint": "",
            "secondary_blob_internet_host": "",
            "secondary_blob_microsoft_endpoint": "",
            "secondary_blob_microsoft_host": "",
            "secondary_connection_string": "DefaultEndpointsProtocol=https;AccountName=stgaccwestus001;AccountKey=4Ie1S+4RjWfzgKsjrrBMgu4vMaLFY6PpayArXBY2AgKSfOkVcuzz8oEsOBGtg7dID61b12Tg5kAY+AStE4XaQQ==;EndpointSuffix=core.windows.net",
            "secondary_dfs_endpoint": "",
            "secondary_dfs_host": "",
            "secondary_dfs_internet_endpoint": "",
            "secondary_dfs_internet_host": "",
            "secondary_dfs_microsoft_endpoint": "",
            "secondary_dfs_microsoft_host": "",
            "secondary_file_endpoint": "",
            "secondary_file_host": "",
            "secondary_file_internet_endpoint": "",
            "secondary_file_internet_host": "",
            "secondary_file_microsoft_endpoint": "",
            "secondary_file_microsoft_host": "",
            "secondary_location": "",
            "secondary_queue_endpoint": "",
            "secondary_queue_host": "",
            "secondary_queue_microsoft_endpoint": "",
            "secondary_queue_microsoft_host": "",
            "secondary_table_endpoint": "",
            "secondary_table_host": "",
            "secondary_table_microsoft_endpoint": "",
            "secondary_table_microsoft_host": "",
            "secondary_web_endpoint": "",
            "secondary_web_host": "",
            "secondary_web_internet_endpoint": "",
            "secondary_web_internet_host": "",
            "secondary_web_microsoft_endpoint": "",
            "secondary_web_microsoft_host": "",
            "sftp_enabled": false,
            "share_properties": [
              {
                "cors_rule": [],
                "retention_policy": [
                  {
                    "days": 7
                  }
                ],
                "smb": []
              }
            ],
            "shared_access_key_enabled": true,
            "static_website": [],
            "table_encryption_key_type": "Service",
            "tags": {
              "environment": "dev",
              "owner": "team_stark",
              "project": "jarvis"
            },
            "timeouts": null
          },
          "sensitive_attributes": [
            [
              {
                "type": "get_attr",
                "value": "primary_access_key"
              }
            ],
            [
              {
                "type": "get_attr",
                "value": "primary_blob_connection_string"
              }
            ],
            [
              {
                "type": "get_attr",
                "value": "primary_connection_string"
              }
            ],
            [
              {
                "type": "get_attr",
                "value": "secondary_access_key"
              }
            ],
            [
              {
                "type": "get_attr",
                "value": "secondary_blob_connection_string"
              }
            ],
            [
              {
                "type": "get_attr",
                "value": "secondary_connection_string"
              }
            ]
          ],
          "identity_schema_version": 0,
          "identity": {
            "name": "stgaccwestus001",
            "resource_group_name": "PROJECT-JARVIS-WESTUS-FINAL-RG",
            "subscription_id": "b398fea1-2f06-4948-924a-121d4ed265b0"
          },
          "private": "eyJlMmJmYjczMC1lY2FhLTExZTYtOGY4OC0zNDM2M2JjN2M0YzAiOnsiY3JlYXRlIjozNjAwMDAwMDAwMDAwLCJkZWxldGUiOjM2MDAwMDAwMDAwMDAsInJlYWQiOjMwMDAwMDAwMDAwMCwidXBkYXRlIjozNjAwMDAwMDAwMDAwfSwic2NoZW1hX3ZlcnNpb24iOiI0In0=",
          "dependencies": [
            "module.rg.azurerm_resource_group.rg"
          ]
        }
      ]
    },
    {
      "module": "module.subnet",
      "mode": "managed",
      "type": "azurerm_subnet",
      "name": "subnet",
      "provider": "provider[\"registry.terraform.io/hashicorp/azurerm\"]",
      "instances": [
        {
          "index_key": "backend",
          "schema_version": 0,
          "attributes": {
            "address_prefixes": [
              "192.168.4.0/24"
            ],
            "default_outbound_access_enabled": true,
            "delegation": [],
            "id": "/subscriptions/b398fea1-2f06-4948-924a-121d4ed265b0/resourceGroups/PROJECT-JARVIS-WESTUS-FINAL-RG/providers/Microsoft.Network/virtualNetworks/vnet1/subnets/backend_subnet02",
            "ip_address_pool": [],
            "name": "backend_subnet02",
            "private_endpoint_network_policies": "Disabled",
            "private_link_service_network_policies_enabled": true,
            "resource_group_name": "PROJECT-JARVIS-WESTUS-FINAL-RG",
            "service_endpoint_policy_ids": [],
            "service_endpoints": [],
            "sharing_scope": "",
            "timeouts": null,
            "virtual_network_name": "vnet1"
          },
          "sensitive_attributes": [],
          "identity_schema_version": 0,
          "identity": {
            "name": "backend_subnet02",
            "resource_group_name": "PROJECT-JARVIS-WESTUS-FINAL-RG",
            "subscription_id": "b398fea1-2f06-4948-924a-121d4ed265b0",
            "virtual_network_name": "vnet1"
          },
          "private": "eyJlMmJmYjczMC1lY2FhLTExZTYtOGY4OC0zNDM2M2JjN2M0YzAiOnsiY3JlYXRlIjoxODAwMDAwMDAwMDAwLCJkZWxldGUiOjE4MDAwMDAwMDAwMDAsInJlYWQiOjMwMDAwMDAwMDAwMCwidXBkYXRlIjoxODAwMDAwMDAwMDAwfX0=",
          "dependencies": [
            "module.rg.azurerm_resource_group.rg",
            "module.vnet.azurerm_virtual_network.vnet"
          ]
        },
        {
          "index_key": "frontend",
          "schema_version": 0,
          "attributes": {
            "address_prefixes": [
              "192.168.3.0/24"
            ],
            "default_outbound_access_enabled": true,
            "delegation": [],
            "id": "/subscriptions/b398fea1-2f06-4948-924a-121d4ed265b0/resourceGroups/PROJECT-JARVIS-WESTUS-FINAL-RG/providers/Microsoft.Network/virtualNetworks/vnet1/subnets/frontend_subnet02",
            "ip_address_pool": [],
            "name": "frontend_subnet02",
            "private_endpoint_network_policies": "Disabled",
            "private_link_service_network_policies_enabled": true,
            "resource_group_name": "PROJECT-JARVIS-WESTUS-FINAL-RG",
            "service_endpoint_policy_ids": [],
            "service_endpoints": [],
            "sharing_scope": "",
            "timeouts": null,
            "virtual_network_name": "vnet1"
          },
          "sensitive_attributes": [],
          "identity_schema_version": 0,
          "identity": {
            "name": "frontend_subnet02",
            "resource_group_name": "PROJECT-JARVIS-WESTUS-FINAL-RG",
            "subscription_id": "b398fea1-2f06-4948-924a-121d4ed265b0",
            "virtual_network_name": "vnet1"
          },
          "private": "eyJlMmJmYjczMC1lY2FhLTExZTYtOGY4OC0zNDM2M2JjN2M0YzAiOnsiY3JlYXRlIjoxODAwMDAwMDAwMDAwLCJkZWxldGUiOjE4MDAwMDAwMDAwMDAsInJlYWQiOjMwMDAwMDAwMDAwMCwidXBkYXRlIjoxODAwMDAwMDAwMDAwfX0=",
          "dependencies": [
            "module.rg.azurerm_resource_group.rg",
            "module.vnet.azurerm_virtual_network.vnet"
          ]
        }
      ]
    },
    {
      "module": "module.vnet",
      "mode": "managed",
      "type": "azurerm_virtual_network",
      "name": "vnet",
      "provider": "provider[\"registry.terraform.io/hashicorp/azurerm\"]",
      "instances": [
        {
          "index_key": "vnet1",
          "schema_version": 0,
          "attributes": {
            "address_space": [
              "192.168.0.0/21"
            ],
            "bgp_community": "",
            "ddos_protection_plan": [],
            "dns_servers": [],
            "edge_zone": "",
            "encryption": [],
            "flow_timeout_in_minutes": 0,
            "guid": "977483d4-b841-4c23-ae3a-f62ace6431bb",
            "id": "/subscriptions/b398fea1-2f06-4948-924a-121d4ed265b0/resourceGroups/PROJECT-JARVIS-WESTUS-FINAL-RG/providers/Microsoft.Network/virtualNetworks/vnet1",
            "ip_address_pool": [],
            "location": "westeurope",
            "name": "vnet1",
            "private_endpoint_vnet_policies": "Disabled",
            "resource_group_name": "PROJECT-JARVIS-WESTUS-FINAL-RG",
            "subnet": [
              {
                "address_prefixes": [
                  "192.168.1.0/24"
                ],
                "default_outbound_access_enabled": true,
                "delegation": [],
                "id": "/subscriptions/b398fea1-2f06-4948-924a-121d4ed265b0/resourceGroups/PROJECT-JARVIS-WESTUS-FINAL-RG/providers/Microsoft.Network/virtualNetworks/vnet1/subnets/frontend_subnet",
                "name": "frontend_subnet",
                "private_endpoint_network_policies": "Disabled",
                "private_link_service_network_policies_enabled": true,
                "route_table_id": null,
                "security_group": null,
                "service_endpoint_policy_ids": [],
                "service_endpoints": []
              },
              {
                "address_prefixes": [
                  "192.168.2.0/24"
                ],
                "default_outbound_access_enabled": true,
                "delegation": [],
                "id": "/subscriptions/b398fea1-2f06-4948-924a-121d4ed265b0/resourceGroups/PROJECT-JARVIS-WESTUS-FINAL-RG/providers/Microsoft.Network/virtualNetworks/vnet1/subnets/backend_subnet",
                "name": "backend_subnet",
                "private_endpoint_network_policies": "Disabled",
                "private_link_service_network_policies_enabled": true,
                "route_table_id": null,
                "security_group": null,
                "service_endpoint_policy_ids": [],
                "service_endpoints": []
              }
            ],
            "tags": {},
            "timeouts": null
          },
          "sensitive_attributes": [],
          "identity_schema_version": 0,
          "identity": {
            "name": "vnet1",
            "resource_group_name": "PROJECT-JARVIS-WESTUS-FINAL-RG",
            "subscription_id": "b398fea1-2f06-4948-924a-121d4ed265b0"
          },
          "private": "eyJlMmJmYjczMC1lY2FhLTExZTYtOGY4OC0zNDM2M2JjN2M0YzAiOnsiY3JlYXRlIjoxODAwMDAwMDAwMDAwLCJkZWxldGUiOjE4MDAwMDAwMDAwMDAsInJlYWQiOjMwMDAwMDAwMDAwMCwidXBkYXRlIjoxODAwMDAwMDAwMDAwfX0=",
          "dependencies": [
            "module.rg.azurerm_resource_group.rg"
          ]
        },
        {
          "index_key": "vnet2",
          "schema_version": 0,
          "attributes": {
            "address_space": [
              "10.10.0.0/16"
            ],
            "bgp_community": "",
            "ddos_protection_plan": [],
            "dns_servers": [],
            "edge_zone": "",
            "encryption": [],
            "flow_timeout_in_minutes": 0,
            "guid": "356dc67c-21e1-47ea-9acd-433ab8e6822b",
            "id": "/subscriptions/b398fea1-2f06-4948-924a-121d4ed265b0/resourceGroups/PROJECT-MARK42-EASTUS-INITIAL-RG/providers/Microsoft.Network/virtualNetworks/vnet1",
            "ip_address_pool": [],
            "location": "eastus",
            "name": "vnet1",
            "private_endpoint_vnet_policies": "Disabled",
            "resource_group_name": "PROJECT-MARK42-EASTUS-INITIAL-RG",
            "subnet": [
              {
                "address_prefixes": [
                  "10.10.1.0/24"
                ],
                "default_outbound_access_enabled": true,
                "delegation": [],
                "id": "/subscriptions/b398fea1-2f06-4948-924a-121d4ed265b0/resourceGroups/PROJECT-MARK42-EASTUS-INITIAL-RG/providers/Microsoft.Network/virtualNetworks/vnet1/subnets/subnet1",
                "name": "subnet1",
                "private_endpoint_network_policies": "Disabled",
                "private_link_service_network_policies_enabled": true,
                "route_table_id": "",
                "security_group": "",
                "service_endpoint_policy_ids": [],
                "service_endpoints": []
              }
            ],
            "tags": null,
            "timeouts": null
          },
          "sensitive_attributes": [],
          "identity_schema_version": 0,
          "identity": {
            "name": "vnet1",
            "resource_group_name": "PROJECT-MARK42-EASTUS-INITIAL-RG",
            "subscription_id": "b398fea1-2f06-4948-924a-121d4ed265b0"
          },
          "private": "eyJlMmJmYjczMC1lY2FhLTExZTYtOGY4OC0zNDM2M2JjN2M0YzAiOnsiY3JlYXRlIjoxODAwMDAwMDAwMDAwLCJkZWxldGUiOjE4MDAwMDAwMDAwMDAsInJlYWQiOjMwMDAwMDAwMDAwMCwidXBkYXRlIjoxODAwMDAwMDAwMDAwfX0=",
          "dependencies": [
            "module.rg.azurerm_resource_group.rg"
          ]
        }
      ]
    }
  ],
  "check_results": null
}
