{
  "version": 4,
  "terraform_version": "1.12.2",
  "serial": 161,
  "lineage": "b4c29ce5-6512-6b9f-bcfe-8c755f595b6b",
  "outputs": {
    "All_public_ip_addresses": {
      "value": {
        "akkc-pip01": "52.236.161.7",
        "wvm-akkc-pip01": "4.206.16.73"
      },
      "type": [
        "object",
        {
          "akkc-pip01": "string",
          "wvm-akkc-pip01": "string"
        }
      ]
    },
    "All_resource_groups": {
      "value": {
        "rg1": "PROJECT-JARVIS-WESTUS-FINAL-RG",
        "rg2": "PROJECT-MARK42-CANADACENTRAL-INITIAL-RG"
      },
      "type": [
        "object",
        {
          "rg1": "string",
          "rg2": "string"
        }
      ]
    },
    "All_storage_accounts": {
      "value": [
        "stgaccwestus001007"
      ],
      "type": [
        "tuple",
        [
          "string"
        ]
      ]
    }
  },
  "resources": [
    {
      "module": "module.association",
      "mode": "managed",
      "type": "azurerm_network_interface_security_group_association",
      "name": "assoc",
      "provider": "provider[\"registry.terraform.io/hashicorp/azurerm\"]",
      "instances": [
        {
          "index_key": "association1",
          "schema_version": 0,
          "attributes": {
            "id": "/subscriptions/c0748677-9808-4356-8816-dc8088c5bb59/resourceGroups/PROJECT-JARVIS-WESTUS-FINAL-RG/providers/Microsoft.Network/networkInterfaces/akkc-nic01|/subscriptions/c0748677-9808-4356-8816-dc8088c5bb59/resourceGroups/PROJECT-JARVIS-WESTUS-FINAL-RG/providers/Microsoft.Network/networkSecurityGroups/nsg1",
            "network_interface_id": "/subscriptions/c0748677-9808-4356-8816-dc8088c5bb59/resourceGroups/PROJECT-JARVIS-WESTUS-FINAL-RG/providers/Microsoft.Network/networkInterfaces/akkc-nic01",
            "network_security_group_id": "/subscriptions/c0748677-9808-4356-8816-dc8088c5bb59/resourceGroups/PROJECT-JARVIS-WESTUS-FINAL-RG/providers/Microsoft.Network/networkSecurityGroups/nsg1",
            "timeouts": null
          },
          "sensitive_attributes": [],
          "identity_schema_version": 0,
          "private": "eyJlMmJmYjczMC1lY2FhLTExZTYtOGY4OC0zNDM2M2JjN2M0YzAiOnsiY3JlYXRlIjoxODAwMDAwMDAwMDAwLCJkZWxldGUiOjE4MDAwMDAwMDAwMDAsInJlYWQiOjMwMDAwMDAwMDAwMH19",
          "dependencies": [
            "module.nics_with_data.azurerm_network_interface.nic",
            "module.nics_with_data.data.azurerm_public_ip.pip",
            "module.nics_with_data.data.azurerm_subnet.subnet",
            "module.nsg.azurerm_network_security_group.nsg",
            "module.pips.azurerm_public_ip.pip",
            "module.rg.azurerm_resource_group.rg",
            "module.subnet.azurerm_subnet.subnet",
            "module.vnet.azurerm_virtual_network.vnet"
          ]
        },
        {
          "index_key": "association2",
          "schema_version": 0,
          "attributes": {
            "id": "/subscriptions/c0748677-9808-4356-8816-dc8088c5bb59/resourceGroups/PROJECT-MARK42-CANADACENTRAL-INITIAL-RG/providers/Microsoft.Network/networkInterfaces/akkc-nic02|/subscriptions/c0748677-9808-4356-8816-dc8088c5bb59/resourceGroups/PROJECT-MARK42-CANADACENTRAL-INITIAL-RG/providers/Microsoft.Network/networkSecurityGroups/nsg1",
            "network_interface_id": "/subscriptions/c0748677-9808-4356-8816-dc8088c5bb59/resourceGroups/PROJECT-MARK42-CANADACENTRAL-INITIAL-RG/providers/Microsoft.Network/networkInterfaces/akkc-nic02",
            "network_security_group_id": "/subscriptions/c0748677-9808-4356-8816-dc8088c5bb59/resourceGroups/PROJECT-MARK42-CANADACENTRAL-INITIAL-RG/providers/Microsoft.Network/networkSecurityGroups/nsg1",
            "timeouts": null
          },
          "sensitive_attributes": [],
          "identity_schema_version": 0,
          "private": "eyJlMmJmYjczMC1lY2FhLTExZTYtOGY4OC0zNDM2M2JjN2M0YzAiOnsiY3JlYXRlIjoxODAwMDAwMDAwMDAwLCJkZWxldGUiOjE4MDAwMDAwMDAwMDAsInJlYWQiOjMwMDAwMDAwMDAwMH19",
          "dependencies": [
            "module.nics_with_data.azurerm_network_interface.nic",
            "module.nics_with_data.data.azurerm_public_ip.pip",
            "module.nics_with_data.data.azurerm_subnet.subnet",
            "module.nsg.azurerm_network_security_group.nsg",
            "module.pips.azurerm_public_ip.pip",
            "module.rg.azurerm_resource_group.rg",
            "module.subnet.azurerm_subnet.subnet",
            "module.vnet.azurerm_virtual_network.vnet"
          ]
        }
      ]
    },
    {
      "module": "module.kv",
      "mode": "data",
      "type": "azurerm_client_config",
      "name": "current",
      "provider": "provider[\"registry.terraform.io/hashicorp/azurerm\"]",
      "instances": [
        {
          "schema_version": 0,
          "attributes": {
            "client_id": "04b07795-8ddb-461a-bbee-02f9e1bf7b46",
            "id": "Y2xpZW50Q29uZmlncy9jbGllbnRJZD0wNGIwNzc5NS04ZGRiLTQ2MWEtYmJlZS0wMmY5ZTFiZjdiNDY7b2JqZWN0SWQ9YTIxMzY0M2UtZjhjZS00ZTNjLTliZTEtNjUyMzYxZGVhM2FhO3N1YnNjcmlwdGlvbklkPWMwNzQ4Njc3LTk4MDgtNDM1Ni04ODE2LWRjODA4OGM1YmI1OTt0ZW5hbnRJZD1jNzc1NjZlZC1kNDE4LTRhNzMtOTE0MC00ZGI2ZjNkMTE1ZTY=",
            "object_id": "a213643e-f8ce-4e3c-9be1-652361dea3aa",
            "subscription_id": "c0748677-9808-4356-8816-dc8088c5bb59",
            "tenant_id": "c77566ed-d418-4a73-9140-4db6f3d115e6",
            "timeouts": null
          },
          "sensitive_attributes": [],
          "identity_schema_version": 0
        }
      ]
    },
    {
      "module": "module.kv",
      "mode": "managed",
      "type": "azurerm_key_vault",
      "name": "kv",
      "provider": "provider[\"registry.terraform.io/hashicorp/azurerm\"]",
      "instances": [
        {
          "index_key": "kv-dev",
          "schema_version": 2,
          "attributes": {
            "access_policy": [
              {
                "application_id": "",
                "certificate_permissions": [
                  "Get",
                  "Import",
                  "Delete"
                ],
                "key_permissions": [
                  "Get",
                  "List",
                  "Create",
                  "Delete"
                ],
                "object_id": "a213643e-f8ce-4e3c-9be1-652361dea3aa",
                "secret_permissions": [
                  "Get",
                  "Set",
                  "List",
                  "Delete"
                ],
                "storage_permissions": [
                  "Get"
                ],
                "tenant_id": "c77566ed-d418-4a73-9140-4db6f3d115e6"
              }
            ],
            "contact": [],
            "enable_rbac_authorization": false,
            "enabled_for_deployment": true,
            "enabled_for_disk_encryption": true,
            "enabled_for_template_deployment": false,
            "id": "/subscriptions/c0748677-9808-4356-8816-dc8088c5bb59/resourceGroups/PROJECT-JARVIS-WESTUS-FINAL-RG/providers/Microsoft.KeyVault/vaults/dev-keyvault-501",
            "location": "westus",
            "name": "dev-keyvault-501",
            "network_acls": [
              {
                "bypass": "AzureServices",
                "default_action": "Allow",
                "ip_rules": [],
                "virtual_network_subnet_ids": []
              }
            ],
            "public_network_access_enabled": true,
            "purge_protection_enabled": true,
            "rbac_authorization_enabled": false,
            "resource_group_name": "PROJECT-JARVIS-WESTUS-FINAL-RG",
            "sku_name": "standard",
            "soft_delete_retention_days": 7,
            "tags": {
              "environment": "production",
              "owner": "team-prod"
            },
            "tenant_id": "c77566ed-d418-4a73-9140-4db6f3d115e6",
            "timeouts": null,
            "vault_uri": "https://dev-keyvault-501.vault.azure.net/"
          },
          "sensitive_attributes": [],
          "identity_schema_version": 0,
          "private": "eyJlMmJmYjczMC1lY2FhLTExZTYtOGY4OC0zNDM2M2JjN2M0YzAiOnsiY3JlYXRlIjoxODAwMDAwMDAwMDAwLCJkZWxldGUiOjE4MDAwMDAwMDAwMDAsInJlYWQiOjMwMDAwMDAwMDAwMCwidXBkYXRlIjoxODAwMDAwMDAwMDAwfSwic2NoZW1hX3ZlcnNpb24iOiIyIn0=",
          "dependencies": [
            "module.kv.data.azurerm_client_config.current",
            "module.rg.azurerm_resource_group.rg"
          ]
        }
      ]
    },
    {
      "module": "module.kvs",
      "mode": "data",
      "type": "azurerm_client_config",
      "name": "current",
      "provider": "provider[\"registry.terraform.io/hashicorp/azurerm\"]",
      "instances": [
        {
          "schema_version": 0,
          "attributes": {
            "client_id": "04b07795-8ddb-461a-bbee-02f9e1bf7b46",
            "id": "Y2xpZW50Q29uZmlncy9jbGllbnRJZD0wNGIwNzc5NS04ZGRiLTQ2MWEtYmJlZS0wMmY5ZTFiZjdiNDY7b2JqZWN0SWQ9YTIxMzY0M2UtZjhjZS00ZTNjLTliZTEtNjUyMzYxZGVhM2FhO3N1YnNjcmlwdGlvbklkPWMwNzQ4Njc3LTk4MDgtNDM1Ni04ODE2LWRjODA4OGM1YmI1OTt0ZW5hbnRJZD1jNzc1NjZlZC1kNDE4LTRhNzMtOTE0MC00ZGI2ZjNkMTE1ZTY=",
            "object_id": "a213643e-f8ce-4e3c-9be1-652361dea3aa",
            "subscription_id": "c0748677-9808-4356-8816-dc8088c5bb59",
            "tenant_id": "c77566ed-d418-4a73-9140-4db6f3d115e6",
            "timeouts": null
          },
          "sensitive_attributes": [],
          "identity_schema_version": 0
        }
      ]
    },
    {
      "module": "module.kvs",
      "mode": "data",
      "type": "azurerm_key_vault",
      "name": "kv1",
      "provider": "provider[\"registry.terraform.io/hashicorp/azurerm\"]",
      "instances": [
        {
          "index_key": "sc1",
          "schema_version": 0,
          "attributes": {
            "access_policy": [
              {
                "application_id": "",
                "certificate_permissions": [
                  "Get",
                  "Import",
                  "Delete"
                ],
                "key_permissions": [
                  "Get",
                  "List",
                  "Create",
                  "Delete"
                ],
                "object_id": "a213643e-f8ce-4e3c-9be1-652361dea3aa",
                "secret_permissions": [
                  "Get",
                  "Set",
                  "List",
                  "Delete"
                ],
                "storage_permissions": [
                  "Get"
                ],
                "tenant_id": "c77566ed-d418-4a73-9140-4db6f3d115e6"
              }
            ],
            "enable_rbac_authorization": false,
            "enabled_for_deployment": true,
            "enabled_for_disk_encryption": true,
            "enabled_for_template_deployment": false,
            "id": "/subscriptions/c0748677-9808-4356-8816-dc8088c5bb59/resourceGroups/PROJECT-JARVIS-WESTUS-FINAL-RG/providers/Microsoft.KeyVault/vaults/dev-keyvault-501",
            "location": "westus",
            "name": "dev-keyvault-501",
            "network_acls": [],
            "public_network_access_enabled": true,
            "purge_protection_enabled": true,
            "rbac_authorization_enabled": false,
            "resource_group_name": "PROJECT-JARVIS-WESTUS-FINAL-RG",
            "sku_name": "standard",
            "tags": {
              "environment": "production",
              "owner": "team-prod"
            },
            "tenant_id": "c77566ed-d418-4a73-9140-4db6f3d115e6",
            "timeouts": null,
            "vault_uri": "https://dev-keyvault-501.vault.azure.net/"
          },
          "sensitive_attributes": [],
          "identity_schema_version": 0
        },
        {
          "index_key": "sc2",
          "schema_version": 0,
          "attributes": {
            "access_policy": [
              {
                "application_id": "",
                "certificate_permissions": [
                  "Get",
                  "Import",
                  "Delete"
                ],
                "key_permissions": [
                  "Get",
                  "List",
                  "Create",
                  "Delete"
                ],
                "object_id": "a213643e-f8ce-4e3c-9be1-652361dea3aa",
                "secret_permissions": [
                  "Get",
                  "Set",
                  "List",
                  "Delete"
                ],
                "storage_permissions": [
                  "Get"
                ],
                "tenant_id": "c77566ed-d418-4a73-9140-4db6f3d115e6"
              }
            ],
            "enable_rbac_authorization": false,
            "enabled_for_deployment": true,
            "enabled_for_disk_encryption": true,
            "enabled_for_template_deployment": false,
            "id": "/subscriptions/c0748677-9808-4356-8816-dc8088c5bb59/resourceGroups/PROJECT-JARVIS-WESTUS-FINAL-RG/providers/Microsoft.KeyVault/vaults/dev-keyvault-501",
            "location": "westus",
            "name": "dev-keyvault-501",
            "network_acls": [],
            "public_network_access_enabled": true,
            "purge_protection_enabled": true,
            "rbac_authorization_enabled": false,
            "resource_group_name": "PROJECT-JARVIS-WESTUS-FINAL-RG",
            "sku_name": "standard",
            "tags": {
              "environment": "production",
              "owner": "team-prod"
            },
            "tenant_id": "c77566ed-d418-4a73-9140-4db6f3d115e6",
            "timeouts": null,
            "vault_uri": "https://dev-keyvault-501.vault.azure.net/"
          },
          "sensitive_attributes": [],
          "identity_schema_version": 0
        },
        {
          "index_key": "sc3",
          "schema_version": 0,
          "attributes": {
            "access_policy": [
              {
                "application_id": "",
                "certificate_permissions": [
                  "Get",
                  "Import",
                  "Delete"
                ],
                "key_permissions": [
                  "Get",
                  "List",
                  "Create",
                  "Delete"
                ],
                "object_id": "a213643e-f8ce-4e3c-9be1-652361dea3aa",
                "secret_permissions": [
                  "Get",
                  "Set",
                  "List",
                  "Delete"
                ],
                "storage_permissions": [
                  "Get"
                ],
                "tenant_id": "c77566ed-d418-4a73-9140-4db6f3d115e6"
              }
            ],
            "enable_rbac_authorization": false,
            "enabled_for_deployment": true,
            "enabled_for_disk_encryption": true,
            "enabled_for_template_deployment": false,
            "id": "/subscriptions/c0748677-9808-4356-8816-dc8088c5bb59/resourceGroups/PROJECT-JARVIS-WESTUS-FINAL-RG/providers/Microsoft.KeyVault/vaults/dev-keyvault-501",
            "location": "westus",
            "name": "dev-keyvault-501",
            "network_acls": [],
            "public_network_access_enabled": true,
            "purge_protection_enabled": true,
            "rbac_authorization_enabled": false,
            "resource_group_name": "PROJECT-JARVIS-WESTUS-FINAL-RG",
            "sku_name": "standard",
            "tags": {
              "environment": "production",
              "owner": "team-prod"
            },
            "tenant_id": "c77566ed-d418-4a73-9140-4db6f3d115e6",
            "timeouts": null,
            "vault_uri": "https://dev-keyvault-501.vault.azure.net/"
          },
          "sensitive_attributes": [],
          "identity_schema_version": 0
        },
        {
          "index_key": "sc4",
          "schema_version": 0,
          "attributes": {
            "access_policy": [
              {
                "application_id": "",
                "certificate_permissions": [
                  "Get",
                  "Import",
                  "Delete"
                ],
                "key_permissions": [
                  "Get",
                  "List",
                  "Create",
                  "Delete"
                ],
                "object_id": "a213643e-f8ce-4e3c-9be1-652361dea3aa",
                "secret_permissions": [
                  "Get",
                  "Set",
                  "List",
                  "Delete"
                ],
                "storage_permissions": [
                  "Get"
                ],
                "tenant_id": "c77566ed-d418-4a73-9140-4db6f3d115e6"
              }
            ],
            "enable_rbac_authorization": false,
            "enabled_for_deployment": true,
            "enabled_for_disk_encryption": true,
            "enabled_for_template_deployment": false,
            "id": "/subscriptions/c0748677-9808-4356-8816-dc8088c5bb59/resourceGroups/PROJECT-JARVIS-WESTUS-FINAL-RG/providers/Microsoft.KeyVault/vaults/dev-keyvault-501",
            "location": "westus",
            "name": "dev-keyvault-501",
            "network_acls": [],
            "public_network_access_enabled": true,
            "purge_protection_enabled": true,
            "rbac_authorization_enabled": false,
            "resource_group_name": "PROJECT-JARVIS-WESTUS-FINAL-RG",
            "sku_name": "standard",
            "tags": {
              "environment": "production",
              "owner": "team-prod"
            },
            "tenant_id": "c77566ed-d418-4a73-9140-4db6f3d115e6",
            "timeouts": null,
            "vault_uri": "https://dev-keyvault-501.vault.azure.net/"
          },
          "sensitive_attributes": [],
          "identity_schema_version": 0
        }
      ]
    },
    {
      "module": "module.kvs",
      "mode": "managed",
      "type": "azurerm_key_vault_secret",
      "name": "secrets",
      "provider": "provider[\"registry.terraform.io/hashicorp/azurerm\"]",
      "instances": [
        {
          "index_key": "sc1",
          "schema_version": 0,
          "attributes": {
            "content_type": "",
            "expiration_date": null,
            "id": "https://dev-keyvault-501.vault.azure.net/secrets/vm1-username/320ac0baba3a4af7a78e55cba22d743d",
            "key_vault_id": "/subscriptions/c0748677-9808-4356-8816-dc8088c5bb59/resourceGroups/PROJECT-JARVIS-WESTUS-FINAL-RG/providers/Microsoft.KeyVault/vaults/dev-keyvault-501",
            "name": "vm1-username",
            "not_before_date": null,
            "resource_id": "/subscriptions/c0748677-9808-4356-8816-dc8088c5bb59/resourceGroups/PROJECT-JARVIS-WESTUS-FINAL-RG/providers/Microsoft.KeyVault/vaults/dev-keyvault-501/secrets/vm1-username/versions/320ac0baba3a4af7a78e55cba22d743d",
            "resource_versionless_id": "/subscriptions/c0748677-9808-4356-8816-dc8088c5bb59/resourceGroups/PROJECT-JARVIS-WESTUS-FINAL-RG/providers/Microsoft.KeyVault/vaults/dev-keyvault-501/secrets/vm1-username",
            "tags": null,
            "timeouts": null,
            "value": "akkcadmin",
            "value_wo": null,
            "value_wo_version": 0,
            "version": "320ac0baba3a4af7a78e55cba22d743d",
            "versionless_id": "https://dev-keyvault-501.vault.azure.net/secrets/vm1-username"
          },
          "sensitive_attributes": [
            [
              {
                "type": "get_attr",
                "value": "value"
              }
            ]
          ],
          "identity_schema_version": 0,
          "private": "eyJlMmJmYjczMC1lY2FhLTExZTYtOGY4OC0zNDM2M2JjN2M0YzAiOnsiY3JlYXRlIjoxODAwMDAwMDAwMDAwLCJkZWxldGUiOjE4MDAwMDAwMDAwMDAsInJlYWQiOjE4MDAwMDAwMDAwMDAsInVwZGF0ZSI6MTgwMDAwMDAwMDAwMH19",
          "dependencies": [
            "module.kv.azurerm_key_vault.kv",
            "module.kv.data.azurerm_client_config.current",
            "module.kvs.data.azurerm_key_vault.kv1",
            "module.rg.azurerm_resource_group.rg"
          ]
        },
        {
          "index_key": "sc2",
          "schema_version": 0,
          "attributes": {
            "content_type": "",
            "expiration_date": null,
            "id": "https://dev-keyvault-501.vault.azure.net/secrets/vm1-password/82c1c6a6e48f452b99b0c467d5d00fc8",
            "key_vault_id": "/subscriptions/c0748677-9808-4356-8816-dc8088c5bb59/resourceGroups/PROJECT-JARVIS-WESTUS-FINAL-RG/providers/Microsoft.KeyVault/vaults/dev-keyvault-501",
            "name": "vm1-password",
            "not_before_date": null,
            "resource_id": "/subscriptions/c0748677-9808-4356-8816-dc8088c5bb59/resourceGroups/PROJECT-JARVIS-WESTUS-FINAL-RG/providers/Microsoft.KeyVault/vaults/dev-keyvault-501/secrets/vm1-password/versions/82c1c6a6e48f452b99b0c467d5d00fc8",
            "resource_versionless_id": "/subscriptions/c0748677-9808-4356-8816-dc8088c5bb59/resourceGroups/PROJECT-JARVIS-WESTUS-FINAL-RG/providers/Microsoft.KeyVault/vaults/dev-keyvault-501/secrets/vm1-password",
            "tags": null,
            "timeouts": null,
            "value": "Devops#4321!",
            "value_wo": null,
            "value_wo_version": 0,
            "version": "82c1c6a6e48f452b99b0c467d5d00fc8",
            "versionless_id": "https://dev-keyvault-501.vault.azure.net/secrets/vm1-password"
          },
          "sensitive_attributes": [
            [
              {
                "type": "get_attr",
                "value": "value"
              }
            ]
          ],
          "identity_schema_version": 0,
          "private": "eyJlMmJmYjczMC1lY2FhLTExZTYtOGY4OC0zNDM2M2JjN2M0YzAiOnsiY3JlYXRlIjoxODAwMDAwMDAwMDAwLCJkZWxldGUiOjE4MDAwMDAwMDAwMDAsInJlYWQiOjE4MDAwMDAwMDAwMDAsInVwZGF0ZSI6MTgwMDAwMDAwMDAwMH19",
          "dependencies": [
            "module.kv.azurerm_key_vault.kv",
            "module.kv.data.azurerm_client_config.current",
            "module.kvs.data.azurerm_key_vault.kv1",
            "module.rg.azurerm_resource_group.rg"
          ]
        },
        {
          "index_key": "sc3",
          "schema_version": 0,
          "attributes": {
            "content_type": "",
            "expiration_date": null,
            "id": "https://dev-keyvault-501.vault.azure.net/secrets/sql-username/5e3f39988e0c46ada0c2105132bb74e9",
            "key_vault_id": "/subscriptions/c0748677-9808-4356-8816-dc8088c5bb59/resourceGroups/PROJECT-JARVIS-WESTUS-FINAL-RG/providers/Microsoft.KeyVault/vaults/dev-keyvault-501",
            "name": "sql-username",
            "not_before_date": null,
            "resource_id": "/subscriptions/c0748677-9808-4356-8816-dc8088c5bb59/resourceGroups/PROJECT-JARVIS-WESTUS-FINAL-RG/providers/Microsoft.KeyVault/vaults/dev-keyvault-501/secrets/sql-username/versions/5e3f39988e0c46ada0c2105132bb74e9",
            "resource_versionless_id": "/subscriptions/c0748677-9808-4356-8816-dc8088c5bb59/resourceGroups/PROJECT-JARVIS-WESTUS-FINAL-RG/providers/Microsoft.KeyVault/vaults/dev-keyvault-501/secrets/sql-username",
            "tags": null,
            "timeouts": null,
            "value": "akkcsqladmin",
            "value_wo": null,
            "value_wo_version": 0,
            "version": "5e3f39988e0c46ada0c2105132bb74e9",
            "versionless_id": "https://dev-keyvault-501.vault.azure.net/secrets/sql-username"
          },
          "sensitive_attributes": [
            [
              {
                "type": "get_attr",
                "value": "value"
              }
            ]
          ],
          "identity_schema_version": 0,
          "private": "eyJlMmJmYjczMC1lY2FhLTExZTYtOGY4OC0zNDM2M2JjN2M0YzAiOnsiY3JlYXRlIjoxODAwMDAwMDAwMDAwLCJkZWxldGUiOjE4MDAwMDAwMDAwMDAsInJlYWQiOjE4MDAwMDAwMDAwMDAsInVwZGF0ZSI6MTgwMDAwMDAwMDAwMH19",
          "dependencies": [
            "module.kv.azurerm_key_vault.kv",
            "module.kv.data.azurerm_client_config.current",
            "module.kvs.data.azurerm_key_vault.kv1",
            "module.rg.azurerm_resource_group.rg"
          ]
        },
        {
          "index_key": "sc4",
          "schema_version": 0,
          "attributes": {
            "content_type": "",
            "expiration_date": null,
            "id": "https://dev-keyvault-501.vault.azure.net/secrets/sql-password/f382717c337e4a3fa75b40f6981a2e0f",
            "key_vault_id": "/subscriptions/c0748677-9808-4356-8816-dc8088c5bb59/resourceGroups/PROJECT-JARVIS-WESTUS-FINAL-RG/providers/Microsoft.KeyVault/vaults/dev-keyvault-501",
            "name": "sql-password",
            "not_before_date": null,
            "resource_id": "/subscriptions/c0748677-9808-4356-8816-dc8088c5bb59/resourceGroups/PROJECT-JARVIS-WESTUS-FINAL-RG/providers/Microsoft.KeyVault/vaults/dev-keyvault-501/secrets/sql-password/versions/f382717c337e4a3fa75b40f6981a2e0f",
            "resource_versionless_id": "/subscriptions/c0748677-9808-4356-8816-dc8088c5bb59/resourceGroups/PROJECT-JARVIS-WESTUS-FINAL-RG/providers/Microsoft.KeyVault/vaults/dev-keyvault-501/secrets/sql-password",
            "tags": null,
            "timeouts": null,
            "value": "Devops#4321!",
            "value_wo": null,
            "value_wo_version": 0,
            "version": "f382717c337e4a3fa75b40f6981a2e0f",
            "versionless_id": "https://dev-keyvault-501.vault.azure.net/secrets/sql-password"
          },
          "sensitive_attributes": [
            [
              {
                "type": "get_attr",
                "value": "value"
              }
            ]
          ],
          "identity_schema_version": 0,
          "private": "eyJlMmJmYjczMC1lY2FhLTExZTYtOGY4OC0zNDM2M2JjN2M0YzAiOnsiY3JlYXRlIjoxODAwMDAwMDAwMDAwLCJkZWxldGUiOjE4MDAwMDAwMDAwMDAsInJlYWQiOjE4MDAwMDAwMDAwMDAsInVwZGF0ZSI6MTgwMDAwMDAwMDAwMH19",
          "dependencies": [
            "module.kv.azurerm_key_vault.kv",
            "module.kv.data.azurerm_client_config.current",
            "module.kvs.data.azurerm_key_vault.kv1",
            "module.rg.azurerm_resource_group.rg"
          ]
        }
      ]
    },
    {
      "module": "module.lvm",
      "mode": "data",
      "type": "azurerm_key_vault",
      "name": "kv",
      "provider": "provider[\"registry.terraform.io/hashicorp/azurerm\"]",
      "instances": [
        {
          "index_key": "vm1",
          "schema_version": 0,
          "attributes": {
            "access_policy": [
              {
                "application_id": "",
                "certificate_permissions": [
                  "Get",
                  "Import",
                  "Delete"
                ],
                "key_permissions": [
                  "Get",
                  "List",
                  "Create",
                  "Delete"
                ],
                "object_id": "a213643e-f8ce-4e3c-9be1-652361dea3aa",
                "secret_permissions": [
                  "Get",
                  "Set",
                  "List",
                  "Delete"
                ],
                "storage_permissions": [
                  "Get"
                ],
                "tenant_id": "c77566ed-d418-4a73-9140-4db6f3d115e6"
              }
            ],
            "enable_rbac_authorization": false,
            "enabled_for_deployment": true,
            "enabled_for_disk_encryption": true,
            "enabled_for_template_deployment": false,
            "id": "/subscriptions/c0748677-9808-4356-8816-dc8088c5bb59/resourceGroups/PROJECT-JARVIS-WESTUS-FINAL-RG/providers/Microsoft.KeyVault/vaults/dev-keyvault-501",
            "location": "westus",
            "name": "dev-keyvault-501",
            "network_acls": [],
            "public_network_access_enabled": true,
            "purge_protection_enabled": true,
            "rbac_authorization_enabled": false,
            "resource_group_name": "PROJECT-JARVIS-WESTUS-FINAL-RG",
            "sku_name": "standard",
            "tags": {
              "environment": "production",
              "owner": "team-prod"
            },
            "tenant_id": "c77566ed-d418-4a73-9140-4db6f3d115e6",
            "timeouts": null,
            "vault_uri": "https://dev-keyvault-501.vault.azure.net/"
          },
          "sensitive_attributes": [],
          "identity_schema_version": 0
        }
      ]
    },
    {
      "module": "module.lvm",
      "mode": "data",
      "type": "azurerm_key_vault_secret",
      "name": "vm_password",
      "provider": "provider[\"registry.terraform.io/hashicorp/azurerm\"]",
      "instances": [
        {
          "index_key": "vm1",
          "schema_version": 0,
          "attributes": {
            "content_type": "",
            "expiration_date": null,
            "id": "https://dev-keyvault-501.vault.azure.net/secrets/vm1-password/82c1c6a6e48f452b99b0c467d5d00fc8",
            "key_vault_id": "/subscriptions/c0748677-9808-4356-8816-dc8088c5bb59/resourceGroups/PROJECT-JARVIS-WESTUS-FINAL-RG/providers/Microsoft.KeyVault/vaults/dev-keyvault-501",
            "name": "vm1-password",
            "not_before_date": null,
            "resource_id": "/subscriptions/c0748677-9808-4356-8816-dc8088c5bb59/resourceGroups/PROJECT-JARVIS-WESTUS-FINAL-RG/providers/Microsoft.KeyVault/vaults/dev-keyvault-501/secrets/vm1-password/versions/82c1c6a6e48f452b99b0c467d5d00fc8",
            "resource_versionless_id": "/subscriptions/c0748677-9808-4356-8816-dc8088c5bb59/resourceGroups/PROJECT-JARVIS-WESTUS-FINAL-RG/providers/Microsoft.KeyVault/vaults/dev-keyvault-501/secrets/vm1-password",
            "tags": {},
            "timeouts": null,
            "value": "Devops#4321!",
            "version": "82c1c6a6e48f452b99b0c467d5d00fc8",
            "versionless_id": "https://dev-keyvault-501.vault.azure.net/secrets/vm1-password"
          },
          "sensitive_attributes": [
            [
              {
                "type": "get_attr",
                "value": "value"
              }
            ]
          ],
          "identity_schema_version": 0
        }
      ]
    },
    {
      "module": "module.lvm",
      "mode": "data",
      "type": "azurerm_key_vault_secret",
      "name": "vm_username",
      "provider": "provider[\"registry.terraform.io/hashicorp/azurerm\"]",
      "instances": [
        {
          "index_key": "vm1",
          "schema_version": 0,
          "attributes": {
            "content_type": "",
            "expiration_date": null,
            "id": "https://dev-keyvault-501.vault.azure.net/secrets/vm1-username/320ac0baba3a4af7a78e55cba22d743d",
            "key_vault_id": "/subscriptions/c0748677-9808-4356-8816-dc8088c5bb59/resourceGroups/PROJECT-JARVIS-WESTUS-FINAL-RG/providers/Microsoft.KeyVault/vaults/dev-keyvault-501",
            "name": "vm1-username",
            "not_before_date": null,
            "resource_id": "/subscriptions/c0748677-9808-4356-8816-dc8088c5bb59/resourceGroups/PROJECT-JARVIS-WESTUS-FINAL-RG/providers/Microsoft.KeyVault/vaults/dev-keyvault-501/secrets/vm1-username/versions/320ac0baba3a4af7a78e55cba22d743d",
            "resource_versionless_id": "/subscriptions/c0748677-9808-4356-8816-dc8088c5bb59/resourceGroups/PROJECT-JARVIS-WESTUS-FINAL-RG/providers/Microsoft.KeyVault/vaults/dev-keyvault-501/secrets/vm1-username",
            "tags": {},
            "timeouts": null,
            "value": "akkcadmin",
            "version": "320ac0baba3a4af7a78e55cba22d743d",
            "versionless_id": "https://dev-keyvault-501.vault.azure.net/secrets/vm1-username"
          },
          "sensitive_attributes": [
            [
              {
                "type": "get_attr",
                "value": "value"
              }
            ]
          ],
          "identity_schema_version": 0
        }
      ]
    },
    {
      "module": "module.lvm",
      "mode": "data",
      "type": "azurerm_network_interface",
      "name": "nic",
      "provider": "provider[\"registry.terraform.io/hashicorp/azurerm\"]",
      "instances": [
        {
          "index_key": "vm1",
          "schema_version": 0,
          "attributes": {
            "accelerated_networking_enabled": false,
            "applied_dns_servers": [],
            "dns_servers": [],
            "id": "/subscriptions/c0748677-9808-4356-8816-dc8088c5bb59/resourceGroups/PROJECT-JARVIS-WESTUS-FINAL-RG/providers/Microsoft.Network/networkInterfaces/akkc-nic01",
            "internal_dns_name_label": "",
            "ip_configuration": [
              {
                "application_gateway_backend_address_pools_ids": [],
                "application_security_group_ids": [],
                "gateway_load_balancer_frontend_ip_configuration_id": "",
                "load_balancer_backend_address_pools_ids": [],
                "load_balancer_inbound_nat_rules_ids": [],
                "name": "ipconfig01",
                "primary": true,
                "private_ip_address": "192.168.3.4",
                "private_ip_address_allocation": "Dynamic",
                "private_ip_address_version": "IPv4",
                "public_ip_address_id": "/subscriptions/c0748677-9808-4356-8816-dc8088c5bb59/resourceGroups/PROJECT-JARVIS-WESTUS-FINAL-RG/providers/Microsoft.Network/publicIPAddresses/akkc-pip01",
                "subnet_id": "/subscriptions/c0748677-9808-4356-8816-dc8088c5bb59/resourceGroups/PROJECT-JARVIS-WESTUS-FINAL-RG/providers/Microsoft.Network/virtualNetworks/vnet1/subnets/akkc-frontend-subnet01"
              }
            ],
            "ip_forwarding_enabled": false,
            "location": "westeurope",
            "mac_address": "60-45-BD-9B-C0-41",
            "name": "akkc-nic01",
            "network_security_group_id": "/subscriptions/c0748677-9808-4356-8816-dc8088c5bb59/resourceGroups/PROJECT-JARVIS-WESTUS-FINAL-RG/providers/Microsoft.Network/networkSecurityGroups/nsg1",
            "private_ip_address": "192.168.3.4",
            "private_ip_addresses": [
              "192.168.3.4"
            ],
            "resource_group_name": "PROJECT-JARVIS-WESTUS-FINAL-RG",
            "tags": {
              "environment": "dev",
              "owner": "team_stark",
              "project": "jarvis"
            },
            "timeouts": null,
            "virtual_machine_id": ""
          },
          "sensitive_attributes": [],
          "identity_schema_version": 0
        }
      ]
    },
    {
      "module": "module.lvm",
      "mode": "managed",
      "type": "azurerm_linux_virtual_machine",
      "name": "lvm",
      "provider": "provider[\"registry.terraform.io/hashicorp/azurerm\"]",
      "instances": [
        {
          "index_key": "vm1",
          "schema_version": 0,
          "attributes": {
            "additional_capabilities": [],
            "admin_password": "Devops#4321!",
            "admin_ssh_key": [],
            "admin_username": "akkcadmin",
            "allow_extension_operations": true,
            "availability_set_id": "",
            "boot_diagnostics": [],
            "bypass_platform_safety_checks_on_user_schedule_enabled": false,
            "capacity_reservation_group_id": "",
            "computer_name": "linux-vm-01",
            "custom_data": null,
            "dedicated_host_group_id": "",
            "dedicated_host_id": "",
            "disable_password_authentication": false,
            "disk_controller_type": "",
            "edge_zone": "",
            "encryption_at_host_enabled": false,
            "eviction_policy": "",
            "extensions_time_budget": "PT1H30M",
            "gallery_application": [],
            "id": "/subscriptions/c0748677-9808-4356-8816-dc8088c5bb59/resourceGroups/PROJECT-JARVIS-WESTUS-FINAL-RG/providers/Microsoft.Compute/virtualMachines/linux-vm-01",
            "identity": [],
            "license_type": "",
            "location": "westeurope",
            "max_bid_price": -1,
            "name": "linux-vm-01",
            "network_interface_ids": [
              "/subscriptions/c0748677-9808-4356-8816-dc8088c5bb59/resourceGroups/PROJECT-JARVIS-WESTUS-FINAL-RG/providers/Microsoft.Network/networkInterfaces/akkc-nic01"
            ],
            "os_disk": [
              {
                "caching": "ReadWrite",
                "diff_disk_settings": [],
                "disk_encryption_set_id": "",
                "disk_size_gb": 30,
                "id": "/subscriptions/c0748677-9808-4356-8816-dc8088c5bb59/resourceGroups/PROJECT-JARVIS-WESTUS-FINAL-RG/providers/Microsoft.Compute/disks/linux-vm-01-osdisk",
                "name": "linux-vm-01-osdisk",
                "secure_vm_disk_encryption_set_id": "",
                "security_encryption_type": "",
                "storage_account_type": "Standard_LRS",
                "write_accelerator_enabled": false
              }
            ],
            "os_image_notification": [],
            "os_managed_disk_id": "/subscriptions/c0748677-9808-4356-8816-dc8088c5bb59/resourceGroups/PROJECT-JARVIS-WESTUS-FINAL-RG/providers/Microsoft.Compute/disks/linux-vm-01-osdisk",
            "patch_assessment_mode": "ImageDefault",
            "patch_mode": "ImageDefault",
            "plan": [],
            "platform_fault_domain": -1,
            "priority": "Regular",
            "private_ip_address": "192.168.3.4",
            "private_ip_addresses": [
              "192.168.3.4"
            ],
            "provision_vm_agent": true,
            "proximity_placement_group_id": "",
            "public_ip_address": "52.236.161.7",
            "public_ip_addresses": [
              "52.236.161.7"
            ],
            "reboot_setting": "",
            "resource_group_name": "PROJECT-JARVIS-WESTUS-FINAL-RG",
            "secret": [],
            "secure_boot_enabled": false,
            "size": "Standard_F2",
            "source_image_id": "",
            "source_image_reference": [
              {
                "offer": "0001-com-ubuntu-server-jammy",
                "publisher": "Canonical",
                "sku": "22_04-lts",
                "version": "latest"
              }
            ],
            "tags": {
              "environment": "dev",
              "owner": "team-alpha"
            },
            "termination_notification": null,
            "timeouts": null,
            "user_data": "",
            "virtual_machine_id": "44be4c73-cfb6-4447-8ae3-4154b3099718",
            "virtual_machine_scale_set_id": "",
            "vm_agent_platform_updates_enabled": false,
            "vtpm_enabled": false,
            "zone": ""
          },
          "sensitive_attributes": [
            [
              {
                "type": "get_attr",
                "value": "admin_password"
              }
            ],
            [
              {
                "type": "get_attr",
                "value": "admin_username"
              }
            ],
            [
              {
                "type": "get_attr",
                "value": "custom_data"
              }
            ]
          ],
          "identity_schema_version": 0,
          "private": "eyJlMmJmYjczMC1lY2FhLTExZTYtOGY4OC0zNDM2M2JjN2M0YzAiOnsiY3JlYXRlIjoyNzAwMDAwMDAwMDAwLCJkZWxldGUiOjI3MDAwMDAwMDAwMDAsInJlYWQiOjMwMDAwMDAwMDAwMCwidXBkYXRlIjoyNzAwMDAwMDAwMDAwfX0=",
          "dependencies": [
            "module.kv.azurerm_key_vault.kv",
            "module.kv.data.azurerm_client_config.current",
            "module.kvs.azurerm_key_vault_secret.secrets",
            "module.kvs.data.azurerm_client_config.current",
            "module.kvs.data.azurerm_key_vault.kv1",
            "module.lvm.data.azurerm_key_vault.kv",
            "module.lvm.data.azurerm_key_vault_secret.vm_password",
            "module.lvm.data.azurerm_key_vault_secret.vm_username",
            "module.lvm.data.azurerm_network_interface.nic",
            "module.nics_with_data.azurerm_network_interface.nic",
            "module.nics_with_data.data.azurerm_public_ip.pip",
            "module.nics_with_data.data.azurerm_subnet.subnet",
            "module.nsg.azurerm_network_security_group.nsg",
            "module.pips.azurerm_public_ip.pip",
            "module.rg.azurerm_resource_group.rg",
            "module.subnet.azurerm_subnet.subnet",
            "module.vnet.azurerm_virtual_network.vnet"
          ]
        }
      ]
    },
    {
      "module": "module.nics_with_data",
      "mode": "data",
      "type": "azurerm_public_ip",
      "name": "pip",
      "provider": "provider[\"registry.terraform.io/hashicorp/azurerm\"]",
      "instances": [
        {
          "index_key": "nic1",
          "schema_version": 0,
          "attributes": {
            "allocation_method": "Static",
            "ddos_protection_mode": "VirtualNetworkInherited",
            "ddos_protection_plan_id": null,
            "domain_name_label": "",
            "fqdn": "",
            "id": "/subscriptions/c0748677-9808-4356-8816-dc8088c5bb59/resourceGroups/PROJECT-JARVIS-WESTUS-FINAL-RG/providers/Microsoft.Network/publicIPAddresses/akkc-pip01",
            "idle_timeout_in_minutes": 4,
            "ip_address": "52.236.161.7",
            "ip_tags": {},
            "ip_version": "IPv4",
            "location": "westeurope",
            "name": "akkc-pip01",
            "resource_group_name": "PROJECT-JARVIS-WESTUS-FINAL-RG",
            "reverse_fqdn": "",
            "sku": "Standard",
            "tags": {
              "environment": "dev",
              "owner": "team_stark",
              "project": "jarvis"
            },
            "timeouts": null,
            "zones": []
          },
          "sensitive_attributes": [],
          "identity_schema_version": 0
        },
        {
          "index_key": "nic2",
          "schema_version": 0,
          "attributes": {
            "allocation_method": "Static",
            "ddos_protection_mode": "VirtualNetworkInherited",
            "ddos_protection_plan_id": null,
            "domain_name_label": "",
            "fqdn": "",
            "id": "/subscriptions/c0748677-9808-4356-8816-dc8088c5bb59/resourceGroups/PROJECT-MARK42-CANADACENTRAL-INITIAL-RG/providers/Microsoft.Network/publicIPAddresses/wvm-akkc-pip01",
            "idle_timeout_in_minutes": 4,
            "ip_address": "4.206.16.73",
            "ip_tags": {},
            "ip_version": "IPv4",
            "location": "canadacentral",
            "name": "wvm-akkc-pip01",
            "resource_group_name": "PROJECT-MARK42-CANADACENTRAL-INITIAL-RG",
            "reverse_fqdn": "",
            "sku": "Standard",
            "tags": {
              "environment": "dev",
              "owner": "tonystark",
              "phase": "initial",
              "project": "mark42"
            },
            "timeouts": null,
            "zones": []
          },
          "sensitive_attributes": [],
          "identity_schema_version": 0
        }
      ]
    },
    {
      "module": "module.nics_with_data",
      "mode": "data",
      "type": "azurerm_subnet",
      "name": "subnet",
      "provider": "provider[\"registry.terraform.io/hashicorp/azurerm\"]",
      "instances": [
        {
          "index_key": "nic1",
          "schema_version": 0,
          "attributes": {
            "address_prefix": "192.168.3.0/24",
            "address_prefixes": [
              "192.168.3.0/24"
            ],
            "default_outbound_access_enabled": true,
            "id": "/subscriptions/c0748677-9808-4356-8816-dc8088c5bb59/resourceGroups/PROJECT-JARVIS-WESTUS-FINAL-RG/providers/Microsoft.Network/virtualNetworks/vnet1/subnets/akkc-frontend-subnet01",
            "name": "akkc-frontend-subnet01",
            "network_security_group_id": "",
            "private_endpoint_network_policies": "Disabled",
            "private_link_service_network_policies_enabled": true,
            "resource_group_name": "PROJECT-JARVIS-WESTUS-FINAL-RG",
            "route_table_id": "",
            "service_endpoints": [],
            "timeouts": null,
            "virtual_network_name": "vnet1"
          },
          "sensitive_attributes": [],
          "identity_schema_version": 0
        },
        {
          "index_key": "nic2",
          "schema_version": 0,
          "attributes": {
            "address_prefix": "10.10.1.0/24",
            "address_prefixes": [
              "10.10.1.0/24"
            ],
            "default_outbound_access_enabled": true,
            "id": "/subscriptions/c0748677-9808-4356-8816-dc8088c5bb59/resourceGroups/PROJECT-MARK42-CANADACENTRAL-INITIAL-RG/providers/Microsoft.Network/virtualNetworks/vnet1/subnets/akkc-backend-subnet01",
            "name": "akkc-backend-subnet01",
            "network_security_group_id": "",
            "private_endpoint_network_policies": "Disabled",
            "private_link_service_network_policies_enabled": true,
            "resource_group_name": "PROJECT-MARK42-CANADACENTRAL-INITIAL-RG",
            "route_table_id": "",
            "service_endpoints": [],
            "timeouts": null,
            "virtual_network_name": "vnet1"
          },
          "sensitive_attributes": [],
          "identity_schema_version": 0
        }
      ]
    },
    {
      "module": "module.nics_with_data",
      "mode": "managed",
      "type": "azurerm_network_interface",
      "name": "nic",
      "provider": "provider[\"registry.terraform.io/hashicorp/azurerm\"]",
      "instances": [
        {
          "index_key": "nic1",
          "schema_version": 0,
          "attributes": {
            "accelerated_networking_enabled": false,
            "applied_dns_servers": [],
            "auxiliary_mode": "",
            "auxiliary_sku": "",
            "dns_servers": [],
            "edge_zone": "",
            "id": "/subscriptions/c0748677-9808-4356-8816-dc8088c5bb59/resourceGroups/PROJECT-JARVIS-WESTUS-FINAL-RG/providers/Microsoft.Network/networkInterfaces/akkc-nic01",
            "internal_dns_name_label": "",
            "internal_domain_name_suffix": "",
            "ip_configuration": [
              {
                "gateway_load_balancer_frontend_ip_configuration_id": "",
                "name": "ipconfig01",
                "primary": true,
                "private_ip_address": "192.168.3.4",
                "private_ip_address_allocation": "Dynamic",
                "private_ip_address_version": "IPv4",
                "public_ip_address_id": "/subscriptions/c0748677-9808-4356-8816-dc8088c5bb59/resourceGroups/PROJECT-JARVIS-WESTUS-FINAL-RG/providers/Microsoft.Network/publicIPAddresses/akkc-pip01",
                "subnet_id": "/subscriptions/c0748677-9808-4356-8816-dc8088c5bb59/resourceGroups/PROJECT-JARVIS-WESTUS-FINAL-RG/providers/Microsoft.Network/virtualNetworks/vnet1/subnets/akkc-frontend-subnet01"
              }
            ],
            "ip_forwarding_enabled": false,
            "location": "westeurope",
            "mac_address": "60-45-BD-9B-C0-41",
            "name": "akkc-nic01",
            "private_ip_address": "192.168.3.4",
            "private_ip_addresses": [
              "192.168.3.4"
            ],
            "resource_group_name": "PROJECT-JARVIS-WESTUS-FINAL-RG",
            "tags": {
              "environment": "dev",
              "owner": "team_stark",
              "project": "jarvis"
            },
            "timeouts": null,
            "virtual_machine_id": ""
          },
          "sensitive_attributes": [],
          "identity_schema_version": 0,
          "identity": {
            "name": "akkc-nic01",
            "resource_group_name": "PROJECT-JARVIS-WESTUS-FINAL-RG",
            "subscription_id": "c0748677-9808-4356-8816-dc8088c5bb59"
          },
          "private": "eyJlMmJmYjczMC1lY2FhLTExZTYtOGY4OC0zNDM2M2JjN2M0YzAiOnsiY3JlYXRlIjoxODAwMDAwMDAwMDAwLCJkZWxldGUiOjE4MDAwMDAwMDAwMDAsInJlYWQiOjMwMDAwMDAwMDAwMCwidXBkYXRlIjoxODAwMDAwMDAwMDAwfX0=",
          "dependencies": [
            "module.nics_with_data.data.azurerm_public_ip.pip",
            "module.nics_with_data.data.azurerm_subnet.subnet",
            "module.pips.azurerm_public_ip.pip",
            "module.rg.azurerm_resource_group.rg",
            "module.subnet.azurerm_subnet.subnet",
            "module.vnet.azurerm_virtual_network.vnet"
          ]
        },
        {
          "index_key": "nic2",
          "schema_version": 0,
          "attributes": {
            "accelerated_networking_enabled": false,
            "applied_dns_servers": [],
            "auxiliary_mode": "",
            "auxiliary_sku": "",
            "dns_servers": [],
            "edge_zone": "",
            "id": "/subscriptions/c0748677-9808-4356-8816-dc8088c5bb59/resourceGroups/PROJECT-MARK42-CANADACENTRAL-INITIAL-RG/providers/Microsoft.Network/networkInterfaces/akkc-nic02",
            "internal_dns_name_label": "",
            "internal_domain_name_suffix": "y0cbinquctpejanioi4c0veccf.ux.internal.cloudapp.net",
            "ip_configuration": [
              {
                "gateway_load_balancer_frontend_ip_configuration_id": "",
                "name": "ipconfig01",
                "primary": true,
                "private_ip_address": "10.10.1.4",
                "private_ip_address_allocation": "Dynamic",
                "private_ip_address_version": "IPv4",
                "public_ip_address_id": "/subscriptions/c0748677-9808-4356-8816-dc8088c5bb59/resourceGroups/PROJECT-MARK42-CANADACENTRAL-INITIAL-RG/providers/Microsoft.Network/publicIPAddresses/wvm-akkc-pip01",
                "subnet_id": "/subscriptions/c0748677-9808-4356-8816-dc8088c5bb59/resourceGroups/PROJECT-MARK42-CANADACENTRAL-INITIAL-RG/providers/Microsoft.Network/virtualNetworks/vnet1/subnets/akkc-backend-subnet01"
              }
            ],
            "ip_forwarding_enabled": false,
            "location": "canadacentral",
            "mac_address": "",
            "name": "akkc-nic02",
            "private_ip_address": "10.10.1.4",
            "private_ip_addresses": [
              "10.10.1.4"
            ],
            "resource_group_name": "PROJECT-MARK42-CANADACENTRAL-INITIAL-RG",
            "tags": {
              "environment": "dev",
              "owner": "team_stark",
              "project": "jarvis"
            },
            "timeouts": null,
            "virtual_machine_id": ""
          },
          "sensitive_attributes": [],
          "identity_schema_version": 0,
          "identity": {
            "name": "akkc-nic02",
            "resource_group_name": "PROJECT-MARK42-CANADACENTRAL-INITIAL-RG",
            "subscription_id": "c0748677-9808-4356-8816-dc8088c5bb59"
          },
          "private": "eyJlMmJmYjczMC1lY2FhLTExZTYtOGY4OC0zNDM2M2JjN2M0YzAiOnsiY3JlYXRlIjoxODAwMDAwMDAwMDAwLCJkZWxldGUiOjE4MDAwMDAwMDAwMDAsInJlYWQiOjMwMDAwMDAwMDAwMCwidXBkYXRlIjoxODAwMDAwMDAwMDAwfX0=",
          "dependencies": [
            "module.nics_with_data.data.azurerm_public_ip.pip",
            "module.nics_with_data.data.azurerm_subnet.subnet",
            "module.pips.azurerm_public_ip.pip",
            "module.rg.azurerm_resource_group.rg",
            "module.subnet.azurerm_subnet.subnet",
            "module.vnet.azurerm_virtual_network.vnet"
          ]
        }
      ]
    },
    {
      "module": "module.nsg",
      "mode": "managed",
      "type": "azurerm_network_security_group",
      "name": "nsg",
      "provider": "provider[\"registry.terraform.io/hashicorp/azurerm\"]",
      "instances": [
        {
          "index_key": "nsg1",
          "schema_version": 0,
          "attributes": {
            "id": "/subscriptions/c0748677-9808-4356-8816-dc8088c5bb59/resourceGroups/PROJECT-JARVIS-WESTUS-FINAL-RG/providers/Microsoft.Network/networkSecurityGroups/nsg1",
            "location": "westeurope",
            "name": "nsg1",
            "resource_group_name": "PROJECT-JARVIS-WESTUS-FINAL-RG",
            "security_rule": [
              {
                "access": "Allow",
                "description": "Allow SSH inbound traffic",
                "destination_address_prefix": "*",
                "destination_address_prefixes": [],
                "destination_application_security_group_ids": [],
                "destination_port_range": "",
                "destination_port_ranges": [
                  "8080",
                  "8443",
                  "9000"
                ],
                "direction": "Inbound",
                "name": "allow_ssh",
                "priority": 100,
                "protocol": "Tcp",
                "source_address_prefix": "*",
                "source_address_prefixes": [],
                "source_application_security_group_ids": [],
                "source_port_range": "*",
                "source_port_ranges": []
              },
              {
                "access": "Allow",
                "description": "Allow SSH inbound traffic",
                "destination_address_prefix": "*",
                "destination_address_prefixes": [],
                "destination_application_security_group_ids": [],
                "destination_port_range": "22",
                "destination_port_ranges": [],
                "direction": "Inbound",
                "name": "allow_ssh1",
                "priority": 103,
                "protocol": "Tcp",
                "source_address_prefix": "*",
                "source_address_prefixes": [],
                "source_application_security_group_ids": [],
                "source_port_range": "*",
                "source_port_ranges": []
              },
              {
                "access": "Deny",
                "description": "Deny all outbound traffic",
                "destination_address_prefix": "*",
                "destination_address_prefixes": [],
                "destination_application_security_group_ids": [],
                "destination_port_range": "*",
                "destination_port_ranges": [],
                "direction": "Outbound",
                "name": "deny_all_outbound",
                "priority": 200,
                "protocol": "*",
                "source_address_prefix": "*",
                "source_address_prefixes": [],
                "source_application_security_group_ids": [],
                "source_port_range": "*",
                "source_port_ranges": []
              }
            ],
            "tags": {
              "environment": "dev",
              "owner": "team_stark",
              "project": "jarvis"
            },
            "timeouts": null
          },
          "sensitive_attributes": [],
          "identity_schema_version": 0,
          "identity": {
            "name": "nsg1",
            "resource_group_name": "PROJECT-JARVIS-WESTUS-FINAL-RG",
            "subscription_id": "c0748677-9808-4356-8816-dc8088c5bb59"
          },
          "private": "eyJlMmJmYjczMC1lY2FhLTExZTYtOGY4OC0zNDM2M2JjN2M0YzAiOnsiY3JlYXRlIjoxODAwMDAwMDAwMDAwLCJkZWxldGUiOjE4MDAwMDAwMDAwMDAsInJlYWQiOjMwMDAwMDAwMDAwMCwidXBkYXRlIjoxODAwMDAwMDAwMDAwfX0=",
          "dependencies": [
            "module.rg.azurerm_resource_group.rg"
          ]
        },
        {
          "index_key": "nsg2",
          "schema_version": 0,
          "attributes": {
            "id": "/subscriptions/c0748677-9808-4356-8816-dc8088c5bb59/resourceGroups/PROJECT-MARK42-CANADACENTRAL-INITIAL-RG/providers/Microsoft.Network/networkSecurityGroups/nsg1",
            "location": "canadacentral",
            "name": "nsg1",
            "resource_group_name": "PROJECT-MARK42-CANADACENTRAL-INITIAL-RG",
            "security_rule": [
              {
                "access": "Allow",
                "description": "Allow SSH inbound traffic",
                "destination_address_prefix": "*",
                "destination_address_prefixes": [],
                "destination_application_security_group_ids": [],
                "destination_port_range": "22",
                "destination_port_ranges": [],
                "direction": "Inbound",
                "name": "allow_ssh",
                "priority": 100,
                "protocol": "Tcp",
                "source_address_prefix": "*",
                "source_address_prefixes": [],
                "source_application_security_group_ids": [],
                "source_port_range": "*",
                "source_port_ranges": []
              },
              {
                "access": "Deny",
                "description": "Deny all outbound traffic",
                "destination_address_prefix": "*",
                "destination_address_prefixes": [],
                "destination_application_security_group_ids": [],
                "destination_port_range": "*",
                "destination_port_ranges": [],
                "direction": "Outbound",
                "name": "deny_all_outbound",
                "priority": 200,
                "protocol": "*",
                "source_address_prefix": "*",
                "source_address_prefixes": [],
                "source_application_security_group_ids": [],
                "source_port_range": "*",
                "source_port_ranges": []
              }
            ],
            "tags": {
              "environment": "dev",
              "owner": "team_stark",
              "project": "jarvis"
            },
            "timeouts": null
          },
          "sensitive_attributes": [],
          "identity_schema_version": 0,
          "identity": {
            "name": "nsg1",
            "resource_group_name": "PROJECT-MARK42-CANADACENTRAL-INITIAL-RG",
            "subscription_id": "c0748677-9808-4356-8816-dc8088c5bb59"
          },
          "private": "eyJlMmJmYjczMC1lY2FhLTExZTYtOGY4OC0zNDM2M2JjN2M0YzAiOnsiY3JlYXRlIjoxODAwMDAwMDAwMDAwLCJkZWxldGUiOjE4MDAwMDAwMDAwMDAsInJlYWQiOjMwMDAwMDAwMDAwMCwidXBkYXRlIjoxODAwMDAwMDAwMDAwfX0=",
          "dependencies": [
            "module.rg.azurerm_resource_group.rg"
          ]
        }
      ]
    },
    {
      "module": "module.pips",
      "mode": "managed",
      "type": "azurerm_public_ip",
      "name": "pip",
      "provider": "provider[\"registry.terraform.io/hashicorp/azurerm\"]",
      "instances": [
        {
          "index_key": "rg1_pip1",
          "schema_version": 0,
          "attributes": {
            "allocation_method": "Static",
            "ddos_protection_mode": "VirtualNetworkInherited",
            "ddos_protection_plan_id": null,
            "domain_name_label": null,
            "domain_name_label_scope": null,
            "edge_zone": "",
            "fqdn": null,
            "id": "/subscriptions/c0748677-9808-4356-8816-dc8088c5bb59/resourceGroups/PROJECT-JARVIS-WESTUS-FINAL-RG/providers/Microsoft.Network/publicIPAddresses/akkc-pip01",
            "idle_timeout_in_minutes": 4,
            "ip_address": "52.236.161.7",
            "ip_tags": {},
            "ip_version": "IPv4",
            "location": "westeurope",
            "name": "akkc-pip01",
            "public_ip_prefix_id": null,
            "resource_group_name": "PROJECT-JARVIS-WESTUS-FINAL-RG",
            "reverse_fqdn": null,
            "sku": "Standard",
            "sku_tier": "Regional",
            "tags": {
              "environment": "dev",
              "owner": "team_stark",
              "project": "jarvis"
            },
            "timeouts": null,
            "zones": []
          },
          "sensitive_attributes": [],
          "identity_schema_version": 0,
          "private": "eyJlMmJmYjczMC1lY2FhLTExZTYtOGY4OC0zNDM2M2JjN2M0YzAiOnsiY3JlYXRlIjoxODAwMDAwMDAwMDAwLCJkZWxldGUiOjE4MDAwMDAwMDAwMDAsInJlYWQiOjMwMDAwMDAwMDAwMCwidXBkYXRlIjoxODAwMDAwMDAwMDAwfX0=",
          "dependencies": [
            "module.rg.azurerm_resource_group.rg"
          ]
        },
        {
          "index_key": "rg2_pip1",
          "schema_version": 0,
          "attributes": {
            "allocation_method": "Static",
            "ddos_protection_mode": "VirtualNetworkInherited",
            "ddos_protection_plan_id": null,
            "domain_name_label": null,
            "domain_name_label_scope": null,
            "edge_zone": "",
            "fqdn": null,
            "id": "/subscriptions/c0748677-9808-4356-8816-dc8088c5bb59/resourceGroups/PROJECT-MARK42-CANADACENTRAL-INITIAL-RG/providers/Microsoft.Network/publicIPAddresses/wvm-akkc-pip01",
            "idle_timeout_in_minutes": 4,
            "ip_address": "4.206.16.73",
            "ip_tags": {},
            "ip_version": "IPv4",
            "location": "canadacentral",
            "name": "wvm-akkc-pip01",
            "public_ip_prefix_id": null,
            "resource_group_name": "PROJECT-MARK42-CANADACENTRAL-INITIAL-RG",
            "reverse_fqdn": null,
            "sku": "Standard",
            "sku_tier": "Regional",
            "tags": {
              "environment": "dev",
              "owner": "tonystark",
              "phase": "initial",
              "project": "mark42"
            },
            "timeouts": null,
            "zones": []
          },
          "sensitive_attributes": [],
          "identity_schema_version": 0,
          "private": "eyJlMmJmYjczMC1lY2FhLTExZTYtOGY4OC0zNDM2M2JjN2M0YzAiOnsiY3JlYXRlIjoxODAwMDAwMDAwMDAwLCJkZWxldGUiOjE4MDAwMDAwMDAwMDAsInJlYWQiOjMwMDAwMDAwMDAwMCwidXBkYXRlIjoxODAwMDAwMDAwMDAwfX0=",
          "dependencies": [
            "module.rg.azurerm_resource_group.rg"
          ]
        }
      ]
    },
    {
      "module": "module.rg",
      "mode": "managed",
      "type": "azurerm_resource_group",
      "name": "rg",
      "provider": "provider[\"registry.terraform.io/hashicorp/azurerm\"]",
      "instances": [
        {
          "index_key": "rg1",
          "schema_version": 0,
          "attributes": {
            "id": "/subscriptions/c0748677-9808-4356-8816-dc8088c5bb59/resourceGroups/PROJECT-JARVIS-WESTUS-FINAL-RG",
            "location": "westus",
            "managed_by": "tony_stark",
            "name": "PROJECT-JARVIS-WESTUS-FINAL-RG",
            "tags": {
              "environment": "prod",
              "owner": "team_stark",
              "phase": "final",
              "project": "jarvis"
            },
            "timeouts": null
          },
          "sensitive_attributes": [],
          "identity_schema_version": 0,
          "private": "eyJlMmJmYjczMC1lY2FhLTExZTYtOGY4OC0zNDM2M2JjN2M0YzAiOnsiY3JlYXRlIjo1NDAwMDAwMDAwMDAwLCJkZWxldGUiOjU0MDAwMDAwMDAwMDAsInJlYWQiOjMwMDAwMDAwMDAwMCwidXBkYXRlIjo1NDAwMDAwMDAwMDAwfX0="
        },
        {
          "index_key": "rg2",
          "schema_version": 0,
          "attributes": {
            "id": "/subscriptions/c0748677-9808-4356-8816-dc8088c5bb59/resourceGroups/PROJECT-MARK42-CANADACENTRAL-INITIAL-RG",
            "location": "canadacentral",
            "managed_by": "tonystark",
            "name": "PROJECT-MARK42-CANADACENTRAL-INITIAL-RG",
            "tags": {
              "environment": "dev",
              "owner": "tonystark",
              "phase": "initial",
              "project": "mark42"
            },
            "timeouts": null
          },
          "sensitive_attributes": [],
          "identity_schema_version": 0,
          "private": "eyJlMmJmYjczMC1lY2FhLTExZTYtOGY4OC0zNDM2M2JjN2M0YzAiOnsiY3JlYXRlIjo1NDAwMDAwMDAwMDAwLCJkZWxldGUiOjU0MDAwMDAwMDAwMDAsInJlYWQiOjMwMDAwMDAwMDAwMCwidXBkYXRlIjo1NDAwMDAwMDAwMDAwfX0="
        }
      ]
    },
    {
      "module": "module.storage",
      "mode": "managed",
      "type": "azurerm_storage_account",
      "name": "stg",
      "provider": "provider[\"registry.terraform.io/hashicorp/azurerm\"]",
      "instances": [
        {
          "index_key": "stgacc1",
          "schema_version": 4,
          "attributes": {
            "access_tier": "Hot",
            "account_kind": "StorageV2",
            "account_replication_type": "LRS",
            "account_tier": "Standard",
            "allow_nested_items_to_be_public": true,
            "allowed_copy_scope": "",
            "azure_files_authentication": [],
            "blob_properties": [
              {
                "change_feed_enabled": false,
                "change_feed_retention_in_days": 0,
                "container_delete_retention_policy": [],
                "cors_rule": [],
                "default_service_version": "",
                "delete_retention_policy": [],
                "last_access_time_enabled": false,
                "restore_policy": [],
                "versioning_enabled": false
              }
            ],
            "cross_tenant_replication_enabled": false,
            "custom_domain": [],
            "customer_managed_key": [],
            "default_to_oauth_authentication": false,
            "dns_endpoint_type": "Standard",
            "edge_zone": "",
            "https_traffic_only_enabled": true,
            "id": "/subscriptions/c0748677-9808-4356-8816-dc8088c5bb59/resourceGroups/PROJECT-JARVIS-WESTUS-FINAL-RG/providers/Microsoft.Storage/storageAccounts/stgaccwestus001007",
            "identity": [],
            "immutability_policy": [],
            "infrastructure_encryption_enabled": false,
            "is_hns_enabled": false,
            "large_file_share_enabled": false,
            "local_user_enabled": true,
            "location": "canadacentral",
            "min_tls_version": "TLS1_2",
            "name": "stgaccwestus001007",
            "network_rules": [],
            "nfsv3_enabled": false,
            "primary_access_key": "T4TUSJF/aiGYwe690B7xfS+Ikrl7SfM7gOBtKcGAp0Gx+r7BpnbRqTpxWwwBbvU8nVcqSV1X9d/O+AStworqIQ==",
            "primary_blob_connection_string": "DefaultEndpointsProtocol=https;BlobEndpoint=https://stgaccwestus001007.blob.core.windows.net/;AccountName=stgaccwestus001007;AccountKey=T4TUSJF/aiGYwe690B7xfS+Ikrl7SfM7gOBtKcGAp0Gx+r7BpnbRqTpxWwwBbvU8nVcqSV1X9d/O+AStworqIQ==",
            "primary_blob_endpoint": "https://stgaccwestus001007.blob.core.windows.net/",
            "primary_blob_host": "stgaccwestus001007.blob.core.windows.net",
            "primary_blob_internet_endpoint": "",
            "primary_blob_internet_host": "",
            "primary_blob_microsoft_endpoint": "",
            "primary_blob_microsoft_host": "",
            "primary_connection_string": "DefaultEndpointsProtocol=https;AccountName=stgaccwestus001007;AccountKey=T4TUSJF/aiGYwe690B7xfS+Ikrl7SfM7gOBtKcGAp0Gx+r7BpnbRqTpxWwwBbvU8nVcqSV1X9d/O+AStworqIQ==;EndpointSuffix=core.windows.net",
            "primary_dfs_endpoint": "https://stgaccwestus001007.dfs.core.windows.net/",
            "primary_dfs_host": "stgaccwestus001007.dfs.core.windows.net",
            "primary_dfs_internet_endpoint": "",
            "primary_dfs_internet_host": "",
            "primary_dfs_microsoft_endpoint": "",
            "primary_dfs_microsoft_host": "",
            "primary_file_endpoint": "https://stgaccwestus001007.file.core.windows.net/",
            "primary_file_host": "stgaccwestus001007.file.core.windows.net",
            "primary_file_internet_endpoint": "",
            "primary_file_internet_host": "",
            "primary_file_microsoft_endpoint": "",
            "primary_file_microsoft_host": "",
            "primary_location": "canadacentral",
            "primary_queue_endpoint": "https://stgaccwestus001007.queue.core.windows.net/",
            "primary_queue_host": "stgaccwestus001007.queue.core.windows.net",
            "primary_queue_microsoft_endpoint": "",
            "primary_queue_microsoft_host": "",
            "primary_table_endpoint": "https://stgaccwestus001007.table.core.windows.net/",
            "primary_table_host": "stgaccwestus001007.table.core.windows.net",
            "primary_table_microsoft_endpoint": "",
            "primary_table_microsoft_host": "",
            "primary_web_endpoint": "https://stgaccwestus001007.z9.web.core.windows.net/",
            "primary_web_host": "stgaccwestus001007.z9.web.core.windows.net",
            "primary_web_internet_endpoint": "",
            "primary_web_internet_host": "",
            "primary_web_microsoft_endpoint": "",
            "primary_web_microsoft_host": "",
            "provisioned_billing_model_version": "",
            "public_network_access_enabled": true,
            "queue_encryption_key_type": "Service",
            "queue_properties": [
              {
                "cors_rule": [],
                "hour_metrics": [
                  {
                    "enabled": false,
                    "include_apis": false,
                    "retention_policy_days": 0,
                    "version": "1.0"
                  }
                ],
                "logging": [
                  {
                    "delete": false,
                    "read": false,
                    "retention_policy_days": 0,
                    "version": "1.0",
                    "write": false
                  }
                ],
                "minute_metrics": [
                  {
                    "enabled": false,
                    "include_apis": false,
                    "retention_policy_days": 0,
                    "version": "1.0"
                  }
                ]
              }
            ],
            "resource_group_name": "PROJECT-JARVIS-WESTUS-FINAL-RG",
            "routing": [],
            "sas_policy": [],
            "secondary_access_key": "0AL1BeGnQZHwcZgHskINL6WZNZ69oiXWeaGuytgGkR9152LFncUK360GdUoblfxK3Z2yCcaIbNQP+AStCPpVTg==",
            "secondary_blob_connection_string": "",
            "secondary_blob_endpoint": "",
            "secondary_blob_host": "",
            "secondary_blob_internet_endpoint": "",
            "secondary_blob_internet_host": "",
            "secondary_blob_microsoft_endpoint": "",
            "secondary_blob_microsoft_host": "",
            "secondary_connection_string": "DefaultEndpointsProtocol=https;AccountName=stgaccwestus001007;AccountKey=0AL1BeGnQZHwcZgHskINL6WZNZ69oiXWeaGuytgGkR9152LFncUK360GdUoblfxK3Z2yCcaIbNQP+AStCPpVTg==;EndpointSuffix=core.windows.net",
            "secondary_dfs_endpoint": "",
            "secondary_dfs_host": "",
            "secondary_dfs_internet_endpoint": "",
            "secondary_dfs_internet_host": "",
            "secondary_dfs_microsoft_endpoint": "",
            "secondary_dfs_microsoft_host": "",
            "secondary_file_endpoint": "",
            "secondary_file_host": "",
            "secondary_file_internet_endpoint": "",
            "secondary_file_internet_host": "",
            "secondary_file_microsoft_endpoint": "",
            "secondary_file_microsoft_host": "",
            "secondary_location": "",
            "secondary_queue_endpoint": "",
            "secondary_queue_host": "",
            "secondary_queue_microsoft_endpoint": "",
            "secondary_queue_microsoft_host": "",
            "secondary_table_endpoint": "",
            "secondary_table_host": "",
            "secondary_table_microsoft_endpoint": "",
            "secondary_table_microsoft_host": "",
            "secondary_web_endpoint": "",
            "secondary_web_host": "",
            "secondary_web_internet_endpoint": "",
            "secondary_web_internet_host": "",
            "secondary_web_microsoft_endpoint": "",
            "secondary_web_microsoft_host": "",
            "sftp_enabled": false,
            "share_properties": [
              {
                "cors_rule": [],
                "retention_policy": [
                  {
                    "days": 7
                  }
                ],
                "smb": []
              }
            ],
            "shared_access_key_enabled": true,
            "static_website": [],
            "table_encryption_key_type": "Service",
            "tags": {
              "environment": "dev",
              "owner": "team_stark",
              "project": "jarvis"
            },
            "timeouts": null
          },
          "sensitive_attributes": [
            [
              {
                "type": "get_attr",
                "value": "primary_access_key"
              }
            ],
            [
              {
                "type": "get_attr",
                "value": "primary_blob_connection_string"
              }
            ],
            [
              {
                "type": "get_attr",
                "value": "primary_connection_string"
              }
            ],
            [
              {
                "type": "get_attr",
                "value": "secondary_access_key"
              }
            ],
            [
              {
                "type": "get_attr",
                "value": "secondary_blob_connection_string"
              }
            ],
            [
              {
                "type": "get_attr",
                "value": "secondary_connection_string"
              }
            ]
          ],
          "identity_schema_version": 0,
          "identity": {
            "name": "stgaccwestus001007",
            "resource_group_name": "PROJECT-JARVIS-WESTUS-FINAL-RG",
            "subscription_id": "c0748677-9808-4356-8816-dc8088c5bb59"
          },
          "private": "eyJlMmJmYjczMC1lY2FhLTExZTYtOGY4OC0zNDM2M2JjN2M0YzAiOnsiY3JlYXRlIjozNjAwMDAwMDAwMDAwLCJkZWxldGUiOjM2MDAwMDAwMDAwMDAsInJlYWQiOjMwMDAwMDAwMDAwMCwidXBkYXRlIjozNjAwMDAwMDAwMDAwfSwic2NoZW1hX3ZlcnNpb24iOiI0In0=",
          "dependencies": [
            "module.rg.azurerm_resource_group.rg"
          ]
        }
      ]
    },
    {
      "module": "module.subnet",
      "mode": "managed",
      "type": "azurerm_subnet",
      "name": "subnet",
      "provider": "provider[\"registry.terraform.io/hashicorp/azurerm\"]",
      "instances": [
        {
          "index_key": "backend",
          "schema_version": 0,
          "attributes": {
            "address_prefixes": [
              "10.10.1.0/24"
            ],
            "default_outbound_access_enabled": true,
            "delegation": [],
            "id": "/subscriptions/c0748677-9808-4356-8816-dc8088c5bb59/resourceGroups/PROJECT-MARK42-CANADACENTRAL-INITIAL-RG/providers/Microsoft.Network/virtualNetworks/vnet1/subnets/akkc-backend-subnet01",
            "ip_address_pool": [],
            "name": "akkc-backend-subnet01",
            "private_endpoint_network_policies": "Disabled",
            "private_link_service_network_policies_enabled": true,
            "resource_group_name": "PROJECT-MARK42-CANADACENTRAL-INITIAL-RG",
            "service_endpoint_policy_ids": [],
            "service_endpoints": [],
            "sharing_scope": "",
            "timeouts": null,
            "virtual_network_name": "vnet1"
          },
          "sensitive_attributes": [],
          "identity_schema_version": 0,
          "identity": {
            "name": "akkc-backend-subnet01",
            "resource_group_name": "PROJECT-MARK42-CANADACENTRAL-INITIAL-RG",
            "subscription_id": "c0748677-9808-4356-8816-dc8088c5bb59",
            "virtual_network_name": "vnet1"
          },
          "private": "eyJlMmJmYjczMC1lY2FhLTExZTYtOGY4OC0zNDM2M2JjN2M0YzAiOnsiY3JlYXRlIjoxODAwMDAwMDAwMDAwLCJkZWxldGUiOjE4MDAwMDAwMDAwMDAsInJlYWQiOjMwMDAwMDAwMDAwMCwidXBkYXRlIjoxODAwMDAwMDAwMDAwfX0=",
          "dependencies": [
            "module.rg.azurerm_resource_group.rg",
            "module.vnet.azurerm_virtual_network.vnet"
          ]
        },
        {
          "index_key": "frontend",
          "schema_version": 0,
          "attributes": {
            "address_prefixes": [
              "192.168.3.0/24"
            ],
            "default_outbound_access_enabled": true,
            "delegation": [],
            "id": "/subscriptions/c0748677-9808-4356-8816-dc8088c5bb59/resourceGroups/PROJECT-JARVIS-WESTUS-FINAL-RG/providers/Microsoft.Network/virtualNetworks/vnet1/subnets/akkc-frontend-subnet01",
            "ip_address_pool": [],
            "name": "akkc-frontend-subnet01",
            "private_endpoint_network_policies": "Disabled",
            "private_link_service_network_policies_enabled": true,
            "resource_group_name": "PROJECT-JARVIS-WESTUS-FINAL-RG",
            "service_endpoint_policy_ids": [],
            "service_endpoints": [],
            "sharing_scope": "",
            "timeouts": null,
            "virtual_network_name": "vnet1"
          },
          "sensitive_attributes": [],
          "identity_schema_version": 0,
          "identity": {
            "name": "akkc-frontend-subnet01",
            "resource_group_name": "PROJECT-JARVIS-WESTUS-FINAL-RG",
            "subscription_id": "c0748677-9808-4356-8816-dc8088c5bb59",
            "virtual_network_name": "vnet1"
          },
          "private": "eyJlMmJmYjczMC1lY2FhLTExZTYtOGY4OC0zNDM2M2JjN2M0YzAiOnsiY3JlYXRlIjoxODAwMDAwMDAwMDAwLCJkZWxldGUiOjE4MDAwMDAwMDAwMDAsInJlYWQiOjMwMDAwMDAwMDAwMCwidXBkYXRlIjoxODAwMDAwMDAwMDAwfX0=",
          "dependencies": [
            "module.rg.azurerm_resource_group.rg",
            "module.vnet.azurerm_virtual_network.vnet"
          ]
        }
      ]
    },
    {
      "module": "module.vnet",
      "mode": "managed",
      "type": "azurerm_virtual_network",
      "name": "vnet",
      "provider": "provider[\"registry.terraform.io/hashicorp/azurerm\"]",
      "instances": [
        {
          "index_key": "rg1_vnet1",
          "schema_version": 0,
          "attributes": {
            "address_space": [
              "192.168.0.0/21"
            ],
            "bgp_community": "",
            "ddos_protection_plan": [],
            "dns_servers": [],
            "edge_zone": "",
            "encryption": [],
            "flow_timeout_in_minutes": 0,
            "guid": "92e9e6c6-ec71-4880-b13e-1dcbacc81839",
            "id": "/subscriptions/c0748677-9808-4356-8816-dc8088c5bb59/resourceGroups/PROJECT-JARVIS-WESTUS-FINAL-RG/providers/Microsoft.Network/virtualNetworks/vnet1",
            "ip_address_pool": [],
            "location": "westeurope",
            "name": "vnet1",
            "private_endpoint_vnet_policies": "Disabled",
            "resource_group_name": "PROJECT-JARVIS-WESTUS-FINAL-RG",
            "subnet": [
              {
                "address_prefixes": [
                  "192.168.3.0/24"
                ],
                "default_outbound_access_enabled": true,
                "delegation": [],
                "id": "/subscriptions/c0748677-9808-4356-8816-dc8088c5bb59/resourceGroups/PROJECT-JARVIS-WESTUS-FINAL-RG/providers/Microsoft.Network/virtualNetworks/vnet1/subnets/akkc-frontend-subnet01",
                "name": "akkc-frontend-subnet01",
                "private_endpoint_network_policies": "Disabled",
                "private_link_service_network_policies_enabled": true,
                "route_table_id": "",
                "security_group": "",
                "service_endpoint_policy_ids": [],
                "service_endpoints": []
              }
            ],
            "tags": {},
            "timeouts": null
          },
          "sensitive_attributes": [],
          "identity_schema_version": 0,
          "identity": {
            "name": "vnet1",
            "resource_group_name": "PROJECT-JARVIS-WESTUS-FINAL-RG",
            "subscription_id": "c0748677-9808-4356-8816-dc8088c5bb59"
          },
          "private": "eyJlMmJmYjczMC1lY2FhLTExZTYtOGY4OC0zNDM2M2JjN2M0YzAiOnsiY3JlYXRlIjoxODAwMDAwMDAwMDAwLCJkZWxldGUiOjE4MDAwMDAwMDAwMDAsInJlYWQiOjMwMDAwMDAwMDAwMCwidXBkYXRlIjoxODAwMDAwMDAwMDAwfX0=",
          "dependencies": [
            "module.rg.azurerm_resource_group.rg"
          ]
        },
        {
          "index_key": "rg2_vnet1",
          "schema_version": 0,
          "attributes": {
            "address_space": [
              "10.10.0.0/16"
            ],
            "bgp_community": "",
            "ddos_protection_plan": [],
            "dns_servers": [],
            "edge_zone": "",
            "encryption": [],
            "flow_timeout_in_minutes": 0,
            "guid": "361484c6-1414-44de-81a8-723c2d548215",
            "id": "/subscriptions/c0748677-9808-4356-8816-dc8088c5bb59/resourceGroups/PROJECT-MARK42-CANADACENTRAL-INITIAL-RG/providers/Microsoft.Network/virtualNetworks/vnet1",
            "ip_address_pool": [],
            "location": "canadacentral",
            "name": "vnet1",
            "private_endpoint_vnet_policies": "Disabled",
            "resource_group_name": "PROJECT-MARK42-CANADACENTRAL-INITIAL-RG",
            "subnet": [
              {
                "address_prefixes": [
                  "10.10.1.0/24"
                ],
                "default_outbound_access_enabled": true,
                "delegation": [],
                "id": "/subscriptions/c0748677-9808-4356-8816-dc8088c5bb59/resourceGroups/PROJECT-MARK42-CANADACENTRAL-INITIAL-RG/providers/Microsoft.Network/virtualNetworks/vnet1/subnets/akkc-backend-subnet01",
                "name": "akkc-backend-subnet01",
                "private_endpoint_network_policies": "Disabled",
                "private_link_service_network_policies_enabled": true,
                "route_table_id": "",
                "security_group": "",
                "service_endpoint_policy_ids": [],
                "service_endpoints": []
              }
            ],
            "tags": {
              "environment": "dev",
              "owner": "tonystark",
              "phase": "initial",
              "project": "mark42"
            },
            "timeouts": null
          },
          "sensitive_attributes": [],
          "identity_schema_version": 0,
          "identity": {
            "name": "vnet1",
            "resource_group_name": "PROJECT-MARK42-CANADACENTRAL-INITIAL-RG",
            "subscription_id": "c0748677-9808-4356-8816-dc8088c5bb59"
          },
          "private": "eyJlMmJmYjczMC1lY2FhLTExZTYtOGY4OC0zNDM2M2JjN2M0YzAiOnsiY3JlYXRlIjoxODAwMDAwMDAwMDAwLCJkZWxldGUiOjE4MDAwMDAwMDAwMDAsInJlYWQiOjMwMDAwMDAwMDAwMCwidXBkYXRlIjoxODAwMDAwMDAwMDAwfX0=",
          "dependencies": [
            "module.rg.azurerm_resource_group.rg"
          ]
        }
      ]
    },
    {
      "module": "module.wvm",
      "mode": "data",
      "type": "azurerm_key_vault",
      "name": "kv",
      "provider": "provider[\"registry.terraform.io/hashicorp/azurerm\"]",
      "instances": [
        {
          "index_key": "vm1",
          "schema_version": 0,
          "attributes": {
            "access_policy": [
              {
                "application_id": "",
                "certificate_permissions": [
                  "Get",
                  "Import",
                  "Delete"
                ],
                "key_permissions": [
                  "Get",
                  "List",
                  "Create",
                  "Delete"
                ],
                "object_id": "a213643e-f8ce-4e3c-9be1-652361dea3aa",
                "secret_permissions": [
                  "Get",
                  "Set",
                  "List",
                  "Delete"
                ],
                "storage_permissions": [
                  "Get"
                ],
                "tenant_id": "c77566ed-d418-4a73-9140-4db6f3d115e6"
              }
            ],
            "enable_rbac_authorization": false,
            "enabled_for_deployment": true,
            "enabled_for_disk_encryption": true,
            "enabled_for_template_deployment": false,
            "id": "/subscriptions/c0748677-9808-4356-8816-dc8088c5bb59/resourceGroups/PROJECT-JARVIS-WESTUS-FINAL-RG/providers/Microsoft.KeyVault/vaults/dev-keyvault-501",
            "location": "westus",
            "name": "dev-keyvault-501",
            "network_acls": [],
            "public_network_access_enabled": true,
            "purge_protection_enabled": true,
            "rbac_authorization_enabled": false,
            "resource_group_name": "PROJECT-JARVIS-WESTUS-FINAL-RG",
            "sku_name": "standard",
            "tags": {
              "environment": "production",
              "owner": "team-prod"
            },
            "tenant_id": "c77566ed-d418-4a73-9140-4db6f3d115e6",
            "timeouts": null,
            "vault_uri": "https://dev-keyvault-501.vault.azure.net/"
          },
          "sensitive_attributes": [],
          "identity_schema_version": 0
        }
      ]
    },
    {
      "module": "module.wvm",
      "mode": "data",
      "type": "azurerm_key_vault_secret",
      "name": "vm_password",
      "provider": "provider[\"registry.terraform.io/hashicorp/azurerm\"]",
      "instances": [
        {
          "index_key": "vm1",
          "schema_version": 0,
          "attributes": {
            "content_type": "",
            "expiration_date": null,
            "id": "https://dev-keyvault-501.vault.azure.net/secrets/vm1-password/82c1c6a6e48f452b99b0c467d5d00fc8",
            "key_vault_id": "/subscriptions/c0748677-9808-4356-8816-dc8088c5bb59/resourceGroups/PROJECT-JARVIS-WESTUS-FINAL-RG/providers/Microsoft.KeyVault/vaults/dev-keyvault-501",
            "name": "vm1-password",
            "not_before_date": null,
            "resource_id": "/subscriptions/c0748677-9808-4356-8816-dc8088c5bb59/resourceGroups/PROJECT-JARVIS-WESTUS-FINAL-RG/providers/Microsoft.KeyVault/vaults/dev-keyvault-501/secrets/vm1-password/versions/82c1c6a6e48f452b99b0c467d5d00fc8",
            "resource_versionless_id": "/subscriptions/c0748677-9808-4356-8816-dc8088c5bb59/resourceGroups/PROJECT-JARVIS-WESTUS-FINAL-RG/providers/Microsoft.KeyVault/vaults/dev-keyvault-501/secrets/vm1-password",
            "tags": {},
            "timeouts": null,
            "value": "Devops#4321!",
            "version": "82c1c6a6e48f452b99b0c467d5d00fc8",
            "versionless_id": "https://dev-keyvault-501.vault.azure.net/secrets/vm1-password"
          },
          "sensitive_attributes": [
            [
              {
                "type": "get_attr",
                "value": "value"
              }
            ]
          ],
          "identity_schema_version": 0
        }
      ]
    },
    {
      "module": "module.wvm",
      "mode": "data",
      "type": "azurerm_key_vault_secret",
      "name": "vm_username",
      "provider": "provider[\"registry.terraform.io/hashicorp/azurerm\"]",
      "instances": [
        {
          "index_key": "vm1",
          "schema_version": 0,
          "attributes": {
            "content_type": "",
            "expiration_date": null,
            "id": "https://dev-keyvault-501.vault.azure.net/secrets/vm1-username/320ac0baba3a4af7a78e55cba22d743d",
            "key_vault_id": "/subscriptions/c0748677-9808-4356-8816-dc8088c5bb59/resourceGroups/PROJECT-JARVIS-WESTUS-FINAL-RG/providers/Microsoft.KeyVault/vaults/dev-keyvault-501",
            "name": "vm1-username",
            "not_before_date": null,
            "resource_id": "/subscriptions/c0748677-9808-4356-8816-dc8088c5bb59/resourceGroups/PROJECT-JARVIS-WESTUS-FINAL-RG/providers/Microsoft.KeyVault/vaults/dev-keyvault-501/secrets/vm1-username/versions/320ac0baba3a4af7a78e55cba22d743d",
            "resource_versionless_id": "/subscriptions/c0748677-9808-4356-8816-dc8088c5bb59/resourceGroups/PROJECT-JARVIS-WESTUS-FINAL-RG/providers/Microsoft.KeyVault/vaults/dev-keyvault-501/secrets/vm1-username",
            "tags": {},
            "timeouts": null,
            "value": "akkcadmin",
            "version": "320ac0baba3a4af7a78e55cba22d743d",
            "versionless_id": "https://dev-keyvault-501.vault.azure.net/secrets/vm1-username"
          },
          "sensitive_attributes": [
            [
              {
                "type": "get_attr",
                "value": "value"
              }
            ]
          ],
          "identity_schema_version": 0
        }
      ]
    },
    {
      "module": "module.wvm",
      "mode": "data",
      "type": "azurerm_network_interface",
      "name": "nic",
      "provider": "provider[\"registry.terraform.io/hashicorp/azurerm\"]",
      "instances": [
        {
          "index_key": "vm1",
          "schema_version": 0,
          "attributes": {
            "accelerated_networking_enabled": false,
            "applied_dns_servers": [],
            "dns_servers": [],
            "id": "/subscriptions/c0748677-9808-4356-8816-dc8088c5bb59/resourceGroups/PROJECT-MARK42-CANADACENTRAL-INITIAL-RG/providers/Microsoft.Network/networkInterfaces/akkc-nic02",
            "internal_dns_name_label": "",
            "ip_configuration": [
              {
                "application_gateway_backend_address_pools_ids": [],
                "application_security_group_ids": [],
                "gateway_load_balancer_frontend_ip_configuration_id": "",
                "load_balancer_backend_address_pools_ids": [],
                "load_balancer_inbound_nat_rules_ids": [],
                "name": "ipconfig01",
                "primary": true,
                "private_ip_address": "10.10.1.4",
                "private_ip_address_allocation": "Dynamic",
                "private_ip_address_version": "IPv4",
                "public_ip_address_id": "/subscriptions/c0748677-9808-4356-8816-dc8088c5bb59/resourceGroups/PROJECT-MARK42-CANADACENTRAL-INITIAL-RG/providers/Microsoft.Network/publicIPAddresses/wvm-akkc-pip01",
                "subnet_id": "/subscriptions/c0748677-9808-4356-8816-dc8088c5bb59/resourceGroups/PROJECT-MARK42-CANADACENTRAL-INITIAL-RG/providers/Microsoft.Network/virtualNetworks/vnet1/subnets/akkc-backend-subnet01"
              }
            ],
            "ip_forwarding_enabled": false,
            "location": "canadacentral",
            "mac_address": "",
            "name": "akkc-nic02",
            "network_security_group_id": "/subscriptions/c0748677-9808-4356-8816-dc8088c5bb59/resourceGroups/PROJECT-MARK42-CANADACENTRAL-INITIAL-RG/providers/Microsoft.Network/networkSecurityGroups/nsg1",
            "private_ip_address": "10.10.1.4",
            "private_ip_addresses": [
              "10.10.1.4"
            ],
            "resource_group_name": "PROJECT-MARK42-CANADACENTRAL-INITIAL-RG",
            "tags": {
              "environment": "dev",
              "owner": "team_stark",
              "project": "jarvis"
            },
            "timeouts": null,
            "virtual_machine_id": ""
          },
          "sensitive_attributes": [],
          "identity_schema_version": 0
        }
      ]
    },
    {
      "module": "module.wvm",
      "mode": "managed",
      "type": "azurerm_windows_virtual_machine",
      "name": "wvm",
      "provider": "provider[\"registry.terraform.io/hashicorp/azurerm\"]",
      "instances": [
        {
          "index_key": "vm1",
          "schema_version": 0,
          "attributes": {
            "additional_capabilities": [],
            "additional_unattend_content": [],
            "admin_password": "Devops#4321!",
            "admin_username": "akkcadmin",
            "allow_extension_operations": true,
            "automatic_updates_enabled": true,
            "availability_set_id": "",
            "boot_diagnostics": [],
            "bypass_platform_safety_checks_on_user_schedule_enabled": false,
            "capacity_reservation_group_id": "",
            "computer_name": "demo-wvm",
            "custom_data": null,
            "dedicated_host_group_id": "",
            "dedicated_host_id": "",
            "disk_controller_type": "",
            "edge_zone": "",
            "enable_automatic_updates": true,
            "encryption_at_host_enabled": false,
            "eviction_policy": "",
            "extensions_time_budget": "PT1H30M",
            "gallery_application": [],
            "hotpatching_enabled": false,
            "id": "/subscriptions/c0748677-9808-4356-8816-dc8088c5bb59/resourceGroups/PROJECT-MARK42-CANADACENTRAL-INITIAL-RG/providers/Microsoft.Compute/virtualMachines/demo-wvm",
            "identity": [],
            "license_type": "",
            "location": "canadacentral",
            "max_bid_price": -1,
            "name": "demo-wvm",
            "network_interface_ids": [
              "/subscriptions/c0748677-9808-4356-8816-dc8088c5bb59/resourceGroups/PROJECT-MARK42-CANADACENTRAL-INITIAL-RG/providers/Microsoft.Network/networkInterfaces/akkc-nic02"
            ],
            "os_disk": [
              {
                "caching": "ReadWrite",
                "diff_disk_settings": [],
                "disk_encryption_set_id": "",
                "disk_size_gb": 128,
                "id": "/subscriptions/c0748677-9808-4356-8816-dc8088c5bb59/resourceGroups/PROJECT-MARK42-CANADACENTRAL-INITIAL-RG/providers/Microsoft.Compute/disks/demo-osdisk",
                "name": "demo-osdisk",
                "secure_vm_disk_encryption_set_id": "",
                "security_encryption_type": "",
                "storage_account_type": "Standard_LRS",
                "write_accelerator_enabled": false
              }
            ],
            "os_image_notification": [],
            "os_managed_disk_id": "/subscriptions/c0748677-9808-4356-8816-dc8088c5bb59/resourceGroups/PROJECT-MARK42-CANADACENTRAL-INITIAL-RG/providers/Microsoft.Compute/disks/demo-osdisk",
            "patch_assessment_mode": "ImageDefault",
            "patch_mode": "AutomaticByOS",
            "plan": [],
            "platform_fault_domain": -1,
            "priority": "Regular",
            "private_ip_address": "10.10.1.4",
            "private_ip_addresses": [
              "10.10.1.4"
            ],
            "provision_vm_agent": true,
            "proximity_placement_group_id": "",
            "public_ip_address": "4.206.16.73",
            "public_ip_addresses": [
              "4.206.16.73"
            ],
            "reboot_setting": "",
            "resource_group_name": "PROJECT-MARK42-CANADACENTRAL-INITIAL-RG",
            "secret": [],
            "secure_boot_enabled": false,
            "size": "Standard_B1s",
            "source_image_id": "",
            "source_image_reference": [
              {
                "offer": "WindowsServer",
                "publisher": "MicrosoftWindowsServer",
                "sku": "2022-datacenter",
                "version": "latest"
              }
            ],
            "tags": null,
            "termination_notification": null,
            "timeouts": null,
            "timezone": "",
            "user_data": "",
            "virtual_machine_id": "6706f785-207e-41c2-8a73-7e31bad4c6b6",
            "virtual_machine_scale_set_id": "",
            "vm_agent_platform_updates_enabled": true,
            "vtpm_enabled": false,
            "winrm_listener": [],
            "zone": ""
          },
          "sensitive_attributes": [
            [
              {
                "type": "get_attr",
                "value": "admin_password"
              }
            ],
            [
              {
                "type": "get_attr",
                "value": "admin_username"
              }
            ],
            [
              {
                "type": "get_attr",
                "value": "custom_data"
              }
            ]
          ],
          "identity_schema_version": 0,
          "private": "eyJlMmJmYjczMC1lY2FhLTExZTYtOGY4OC0zNDM2M2JjN2M0YzAiOnsiY3JlYXRlIjoyNzAwMDAwMDAwMDAwLCJkZWxldGUiOjI3MDAwMDAwMDAwMDAsInJlYWQiOjMwMDAwMDAwMDAwMCwidXBkYXRlIjoyNzAwMDAwMDAwMDAwfX0=",
          "dependencies": [
            "module.association.azurerm_network_interface_security_group_association.assoc",
            "module.kv.azurerm_key_vault.kv",
            "module.kv.data.azurerm_client_config.current",
            "module.kvs.azurerm_key_vault_secret.secrets",
            "module.kvs.data.azurerm_client_config.current",
            "module.kvs.data.azurerm_key_vault.kv1",
            "module.lvm.azurerm_linux_virtual_machine.lvm",
            "module.lvm.data.azurerm_key_vault.kv",
            "module.lvm.data.azurerm_key_vault_secret.vm_password",
            "module.lvm.data.azurerm_key_vault_secret.vm_username",
            "module.lvm.data.azurerm_network_interface.nic",
            "module.nics_with_data.azurerm_network_interface.nic",
            "module.nics_with_data.data.azurerm_public_ip.pip",
            "module.nics_with_data.data.azurerm_subnet.subnet",
            "module.nsg.azurerm_network_security_group.nsg",
            "module.pips.azurerm_public_ip.pip",
            "module.rg.azurerm_resource_group.rg",
            "module.subnet.azurerm_subnet.subnet",
            "module.vnet.azurerm_virtual_network.vnet",
            "module.wvm.data.azurerm_key_vault.kv",
            "module.wvm.data.azurerm_key_vault_secret.vm_password",
            "module.wvm.data.azurerm_key_vault_secret.vm_username",
            "module.wvm.data.azurerm_network_interface.nic"
          ]
        }
      ]
    }
  ],
  "check_results": null
}
